// !$*UTF8*$!
{
	archiveVersion = 1;
	classes = {
	};
	objectVersion = 46;
	objects = {

/* Begin PBXBuildFile section */
		0F37AECF2025EC0900BA0553 /* fstdmethods.h in Headers */ = {isa = PBXBuildFile; fileRef = 0F37AEB92025EC0800BA0553 /* fstdmethods.h */; };
		0F37AED02025EC0900BA0553 /* fstdmethods.h in Headers */ = {isa = PBXBuildFile; fileRef = 0F37AEB92025EC0800BA0553 /* fstdmethods.h */; };
		0F37AED12025EC0900BA0553 /* fdebug.h in Headers */ = {isa = PBXBuildFile; fileRef = 0F37AEBA2025EC0800BA0553 /* fdebug.h */; };
		0F37AED22025EC0900BA0553 /* fdebug.h in Headers */ = {isa = PBXBuildFile; fileRef = 0F37AEBA2025EC0800BA0553 /* fdebug.h */; };
		0F37AED32025EC0900BA0553 /* baseiids.cpp in Sources */ = {isa = PBXBuildFile; fileRef = 0F37AEBB2025EC0800BA0553 /* baseiids.cpp */; };
		0F37AED42025EC0900BA0553 /* baseiids.cpp in Sources */ = {isa = PBXBuildFile; fileRef = 0F37AEBB2025EC0800BA0553 /* baseiids.cpp */; };
		0F37AED52025EC0900BA0553 /* fbuffer.h in Headers */ = {isa = PBXBuildFile; fileRef = 0F37AEBC2025EC0800BA0553 /* fbuffer.h */; };
		0F37AED62025EC0900BA0553 /* fbuffer.h in Headers */ = {isa = PBXBuildFile; fileRef = 0F37AEBC2025EC0800BA0553 /* fbuffer.h */; };
		0F37AED72025EC0900BA0553 /* fobject.cpp in Sources */ = {isa = PBXBuildFile; fileRef = 0F37AEBD2025EC0800BA0553 /* fobject.cpp */; };
		0F37AED82025EC0900BA0553 /* fobject.cpp in Sources */ = {isa = PBXBuildFile; fileRef = 0F37AEBD2025EC0800BA0553 /* fobject.cpp */; };
		0F37AED92025EC0900BA0553 /* fstreamer.h in Headers */ = {isa = PBXBuildFile; fileRef = 0F37AEBE2025EC0800BA0553 /* fstreamer.h */; };
		0F37AEDA2025EC0900BA0553 /* fstreamer.h in Headers */ = {isa = PBXBuildFile; fileRef = 0F37AEBE2025EC0800BA0553 /* fstreamer.h */; };
		0F37AEDB2025EC0900BA0553 /* fdynlib.h in Headers */ = {isa = PBXBuildFile; fileRef = 0F37AEBF2025EC0800BA0553 /* fdynlib.h */; };
		0F37AEDC2025EC0900BA0553 /* fdynlib.h in Headers */ = {isa = PBXBuildFile; fileRef = 0F37AEBF2025EC0800BA0553 /* fdynlib.h */; };
		0F37AEDD2025EC0900BA0553 /* fcleanup.h in Headers */ = {isa = PBXBuildFile; fileRef = 0F37AEC02025EC0800BA0553 /* fcleanup.h */; };
		0F37AEDE2025EC0900BA0553 /* fcleanup.h in Headers */ = {isa = PBXBuildFile; fileRef = 0F37AEC02025EC0800BA0553 /* fcleanup.h */; };
		0F37AEDF2025EC0900BA0553 /* fstring.cpp in Sources */ = {isa = PBXBuildFile; fileRef = 0F37AEC12025EC0800BA0553 /* fstring.cpp */; };
		0F37AEE02025EC0900BA0553 /* fstring.cpp in Sources */ = {isa = PBXBuildFile; fileRef = 0F37AEC12025EC0800BA0553 /* fstring.cpp */; };
		0F37AEE12025EC0900BA0553 /* timer.h in Headers */ = {isa = PBXBuildFile; fileRef = 0F37AEC22025EC0800BA0553 /* timer.h */; };
		0F37AEE22025EC0900BA0553 /* timer.h in Headers */ = {isa = PBXBuildFile; fileRef = 0F37AEC22025EC0800BA0553 /* timer.h */; };
		0F37AEE32025EC0900BA0553 /* fdebug.cpp in Sources */ = {isa = PBXBuildFile; fileRef = 0F37AEC32025EC0800BA0553 /* fdebug.cpp */; };
		0F37AEE42025EC0900BA0553 /* fdebug.cpp in Sources */ = {isa = PBXBuildFile; fileRef = 0F37AEC32025EC0800BA0553 /* fdebug.cpp */; };
		0F37AEE52025EC0900BA0553 /* timer.cpp in Sources */ = {isa = PBXBuildFile; fileRef = 0F37AEC42025EC0800BA0553 /* timer.cpp */; };
		0F37AEE62025EC0900BA0553 /* timer.cpp in Sources */ = {isa = PBXBuildFile; fileRef = 0F37AEC42025EC0800BA0553 /* timer.cpp */; };
		0F37AEE72025EC0900BA0553 /* fcommandline.h in Headers */ = {isa = PBXBuildFile; fileRef = 0F37AEC52025EC0800BA0553 /* fcommandline.h */; };
		0F37AEE82025EC0900BA0553 /* fcommandline.h in Headers */ = {isa = PBXBuildFile; fileRef = 0F37AEC52025EC0800BA0553 /* fcommandline.h */; };
		0F37AEE92025EC0900BA0553 /* fdynlib.cpp in Sources */ = {isa = PBXBuildFile; fileRef = 0F37AEC62025EC0800BA0553 /* fdynlib.cpp */; };
		0F37AEEA2025EC0900BA0553 /* fdynlib.cpp in Sources */ = {isa = PBXBuildFile; fileRef = 0F37AEC62025EC0800BA0553 /* fdynlib.cpp */; };
		0F37AEEB2025EC0900BA0553 /* fstring.h in Headers */ = {isa = PBXBuildFile; fileRef = 0F37AEC72025EC0800BA0553 /* fstring.h */; };
		0F37AEEC2025EC0900BA0553 /* fstring.h in Headers */ = {isa = PBXBuildFile; fileRef = 0F37AEC72025EC0800BA0553 /* fstring.h */; };
		0F37AEED2025EC0900BA0553 /* fbuffer.cpp in Sources */ = {isa = PBXBuildFile; fileRef = 0F37AEC82025EC0900BA0553 /* fbuffer.cpp */; };
		0F37AEEE2025EC0900BA0553 /* fbuffer.cpp in Sources */ = {isa = PBXBuildFile; fileRef = 0F37AEC82025EC0900BA0553 /* fbuffer.cpp */; };
		0F37AEEF2025EC0900BA0553 /* classfactoryhelpers.h in Headers */ = {isa = PBXBuildFile; fileRef = 0F37AEC92025EC0900BA0553 /* classfactoryhelpers.h */; };
		0F37AEF02025EC0900BA0553 /* classfactoryhelpers.h in Headers */ = {isa = PBXBuildFile; fileRef = 0F37AEC92025EC0900BA0553 /* classfactoryhelpers.h */; };
		0F37AEF12025EC0900BA0553 /* fobject.h in Headers */ = {isa = PBXBuildFile; fileRef = 0F37AECA2025EC0900BA0553 /* fobject.h */; };
		0F37AEF22025EC0900BA0553 /* fobject.h in Headers */ = {isa = PBXBuildFile; fileRef = 0F37AECA2025EC0900BA0553 /* fobject.h */; };
		0F37AEF32025EC0900BA0553 /* updatehandler.cpp in Sources */ = {isa = PBXBuildFile; fileRef = 0F37AECB2025EC0900BA0553 /* updatehandler.cpp */; };
		0F37AEF42025EC0900BA0553 /* updatehandler.cpp in Sources */ = {isa = PBXBuildFile; fileRef = 0F37AECB2025EC0900BA0553 /* updatehandler.cpp */; };
		0F37AEF52025EC0900BA0553 /* fstreamer.cpp in Sources */ = {isa = PBXBuildFile; fileRef = 0F37AECC2025EC0900BA0553 /* fstreamer.cpp */; };
		0F37AEF62025EC0900BA0553 /* fstreamer.cpp in Sources */ = {isa = PBXBuildFile; fileRef = 0F37AECC2025EC0900BA0553 /* fstreamer.cpp */; };
		0F37AEF72025EC0900BA0553 /* updatehandler.h in Headers */ = {isa = PBXBuildFile; fileRef = 0F37AECD2025EC0900BA0553 /* updatehandler.h */; };
		0F37AEF82025EC0900BA0553 /* updatehandler.h in Headers */ = {isa = PBXBuildFile; fileRef = 0F37AECD2025EC0900BA0553 /* updatehandler.h */; };
		0F37AEF92025EC0900BA0553 /* hexbinary.h in Headers */ = {isa = PBXBuildFile; fileRef = 0F37AECE2025EC0900BA0553 /* hexbinary.h */; };
		0F37AEFA2025EC0900BA0553 /* hexbinary.h in Headers */ = {isa = PBXBuildFile; fileRef = 0F37AECE2025EC0900BA0553 /* hexbinary.h */; };
		0F37AF002025EC7800BA0553 /* fcondition.cpp in Sources */ = {isa = PBXBuildFile; fileRef = 0F37AEFE2025EC7700BA0553 /* fcondition.cpp */; };
		0F37AF012025EC7800BA0553 /* fcondition.cpp in Sources */ = {isa = PBXBuildFile; fileRef = 0F37AEFE2025EC7700BA0553 /* fcondition.cpp */; };
		0F37AF022025EC7800BA0553 /* flock.cpp in Sources */ = {isa = PBXBuildFile; fileRef = 0F37AEFF2025EC7700BA0553 /* flock.cpp */; };
		0F37AF032025EC7800BA0553 /* flock.cpp in Sources */ = {isa = PBXBuildFile; fileRef = 0F37AEFF2025EC7700BA0553 /* flock.cpp */; };
		0F37AF062025EC8100BA0553 /* fcondition.h in Headers */ = {isa = PBXBuildFile; fileRef = 0F37AF042025EC8100BA0553 /* fcondition.h */; };
		0F37AF072025EC8100BA0553 /* fcondition.h in Headers */ = {isa = PBXBuildFile; fileRef = 0F37AF042025EC8100BA0553 /* fcondition.h */; };
		0F37AF082025EC8100BA0553 /* flock.h in Headers */ = {isa = PBXBuildFile; fileRef = 0F37AF052025EC8100BA0553 /* flock.h */; };
		0F37AF092025EC8100BA0553 /* flock.h in Headers */ = {isa = PBXBuildFile; fileRef = 0F37AF052025EC8100BA0553 /* flock.h */; };
		0F37AF252025EC9800BA0553 /* smartpointer.h in Headers */ = {isa = PBXBuildFile; fileRef = 0F37AF0A2025EC9300BA0553 /* smartpointer.h */; };
		0F37AF262025EC9800BA0553 /* smartpointer.h in Headers */ = {isa = PBXBuildFile; fileRef = 0F37AF0A2025EC9300BA0553 /* smartpointer.h */; };
		0F37AF272025EC9800BA0553 /* futils.h in Headers */ = {isa = PBXBuildFile; fileRef = 0F37AF0B2025EC9400BA0553 /* futils.h */; };
		0F37AF282025EC9800BA0553 /* futils.h in Headers */ = {isa = PBXBuildFile; fileRef = 0F37AF0B2025EC9400BA0553 /* futils.h */; };
		0F37AF292025EC9800BA0553 /* ucolorspec.h in Headers */ = {isa = PBXBuildFile; fileRef = 0F37AF0C2025EC9400BA0553 /* ucolorspec.h */; };
		0F37AF2A2025EC9800BA0553 /* ucolorspec.h in Headers */ = {isa = PBXBuildFile; fileRef = 0F37AF0C2025EC9400BA0553 /* ucolorspec.h */; };
		0F37AF2B2025EC9800BA0553 /* falignpop.h in Headers */ = {isa = PBXBuildFile; fileRef = 0F37AF0D2025EC9400BA0553 /* falignpop.h */; };
		0F37AF2C2025EC9800BA0553 /* falignpop.h in Headers */ = {isa = PBXBuildFile; fileRef = 0F37AF0D2025EC9400BA0553 /* falignpop.h */; };
		0F37AF2D2025EC9800BA0553 /* ibstream.h in Headers */ = {isa = PBXBuildFile; fileRef = 0F37AF0E2025EC9400BA0553 /* ibstream.h */; };
		0F37AF2E2025EC9800BA0553 /* ibstream.h in Headers */ = {isa = PBXBuildFile; fileRef = 0F37AF0E2025EC9400BA0553 /* ibstream.h */; };
		0F37AF2F2025EC9800BA0553 /* coreiids.cpp in Sources */ = {isa = PBXBuildFile; fileRef = 0F37AF0F2025EC9400BA0553 /* coreiids.cpp */; };
		0F37AF302025EC9800BA0553 /* coreiids.cpp in Sources */ = {isa = PBXBuildFile; fileRef = 0F37AF0F2025EC9400BA0553 /* coreiids.cpp */; };
		0F37AF312025EC9800BA0553 /* ustring.cpp in Sources */ = {isa = PBXBuildFile; fileRef = 0F37AF102025EC9400BA0553 /* ustring.cpp */; };
		0F37AF322025EC9800BA0553 /* ustring.cpp in Sources */ = {isa = PBXBuildFile; fileRef = 0F37AF102025EC9400BA0553 /* ustring.cpp */; };
		0F37AF332025EC9800BA0553 /* ustring.h in Headers */ = {isa = PBXBuildFile; fileRef = 0F37AF112025EC9500BA0553 /* ustring.h */; };
		0F37AF342025EC9800BA0553 /* ustring.h in Headers */ = {isa = PBXBuildFile; fileRef = 0F37AF112025EC9500BA0553 /* ustring.h */; };
		0F37AF352025EC9800BA0553 /* ierrorcontext.h in Headers */ = {isa = PBXBuildFile; fileRef = 0F37AF122025EC9500BA0553 /* ierrorcontext.h */; };
		0F37AF362025EC9800BA0553 /* ierrorcontext.h in Headers */ = {isa = PBXBuildFile; fileRef = 0F37AF122025EC9500BA0553 /* ierrorcontext.h */; };
		0F37AF372025EC9800BA0553 /* icloneable.h in Headers */ = {isa = PBXBuildFile; fileRef = 0F37AF132025EC9500BA0553 /* icloneable.h */; };
		0F37AF382025EC9800BA0553 /* icloneable.h in Headers */ = {isa = PBXBuildFile; fileRef = 0F37AF132025EC9500BA0553 /* icloneable.h */; };
		0F37AF392025EC9800BA0553 /* conststringtable.cpp in Sources */ = {isa = PBXBuildFile; fileRef = 0F37AF142025EC9500BA0553 /* conststringtable.cpp */; };
		0F37AF3A2025EC9800BA0553 /* conststringtable.cpp in Sources */ = {isa = PBXBuildFile; fileRef = 0F37AF142025EC9500BA0553 /* conststringtable.cpp */; };
		0F37AF3B2025EC9800BA0553 /* funknown.cpp in Sources */ = {isa = PBXBuildFile; fileRef = 0F37AF152025EC9500BA0553 /* funknown.cpp */; };
		0F37AF3C2025EC9800BA0553 /* funknown.cpp in Sources */ = {isa = PBXBuildFile; fileRef = 0F37AF152025EC9500BA0553 /* funknown.cpp */; };
		0F37AF3D2025EC9800BA0553 /* falignpush.h in Headers */ = {isa = PBXBuildFile; fileRef = 0F37AF162025EC9600BA0553 /* falignpush.h */; };
		0F37AF3E2025EC9800BA0553 /* falignpush.h in Headers */ = {isa = PBXBuildFile; fileRef = 0F37AF162025EC9600BA0553 /* falignpush.h */; };
		0F37AF3F2025EC9800BA0553 /* geoconstants.h in Headers */ = {isa = PBXBuildFile; fileRef = 0F37AF172025EC9600BA0553 /* geoconstants.h */; };
		0F37AF402025EC9800BA0553 /* geoconstants.h in Headers */ = {isa = PBXBuildFile; fileRef = 0F37AF172025EC9600BA0553 /* geoconstants.h */; };
		0F37AF412025EC9800BA0553 /* funknown.h in Headers */ = {isa = PBXBuildFile; fileRef = 0F37AF182025EC9600BA0553 /* funknown.h */; };
		0F37AF422025EC9800BA0553 /* funknown.h in Headers */ = {isa = PBXBuildFile; fileRef = 0F37AF182025EC9600BA0553 /* funknown.h */; };
		0F37AF432025EC9800BA0553 /* fstrdefs.h in Headers */ = {isa = PBXBuildFile; fileRef = 0F37AF192025EC9600BA0553 /* fstrdefs.h */; };
		0F37AF442025EC9800BA0553 /* fstrdefs.h in Headers */ = {isa = PBXBuildFile; fileRef = 0F37AF192025EC9600BA0553 /* fstrdefs.h */; };
		0F37AF452025EC9800BA0553 /* ipersistent.h in Headers */ = {isa = PBXBuildFile; fileRef = 0F37AF1A2025EC9600BA0553 /* ipersistent.h */; };
		0F37AF462025EC9800BA0553 /* ipersistent.h in Headers */ = {isa = PBXBuildFile; fileRef = 0F37AF1A2025EC9600BA0553 /* ipersistent.h */; };
		0F37AF472025EC9800BA0553 /* ftypes.h in Headers */ = {isa = PBXBuildFile; fileRef = 0F37AF1B2025EC9600BA0553 /* ftypes.h */; };
		0F37AF482025EC9800BA0553 /* ftypes.h in Headers */ = {isa = PBXBuildFile; fileRef = 0F37AF1B2025EC9600BA0553 /* ftypes.h */; };
		0F37AF492025EC9800BA0553 /* istringresult.h in Headers */ = {isa = PBXBuildFile; fileRef = 0F37AF1C2025EC9600BA0553 /* istringresult.h */; };
		0F37AF4A2025EC9800BA0553 /* istringresult.h in Headers */ = {isa = PBXBuildFile; fileRef = 0F37AF1C2025EC9600BA0553 /* istringresult.h */; };
		0F37AF4B2025EC9800BA0553 /* conststringtable.h in Headers */ = {isa = PBXBuildFile; fileRef = 0F37AF1D2025EC9600BA0553 /* conststringtable.h */; };
		0F37AF4C2025EC9800BA0553 /* conststringtable.h in Headers */ = {isa = PBXBuildFile; fileRef = 0F37AF1D2025EC9600BA0553 /* conststringtable.h */; };
		0F37AF4D2025EC9800BA0553 /* fplatform.h in Headers */ = {isa = PBXBuildFile; fileRef = 0F37AF1E2025EC9700BA0553 /* fplatform.h */; };
		0F37AF4E2025EC9800BA0553 /* fplatform.h in Headers */ = {isa = PBXBuildFile; fileRef = 0F37AF1E2025EC9700BA0553 /* fplatform.h */; };
		0F37AF4F2025EC9800BA0553 /* doc.h in Headers */ = {isa = PBXBuildFile; fileRef = 0F37AF1F2025EC9700BA0553 /* doc.h */; };
		0F37AF502025EC9800BA0553 /* doc.h in Headers */ = {isa = PBXBuildFile; fileRef = 0F37AF1F2025EC9700BA0553 /* doc.h */; };
		0F37AF512025EC9800BA0553 /* pluginbasefwd.h in Headers */ = {isa = PBXBuildFile; fileRef = 0F37AF202025EC9700BA0553 /* pluginbasefwd.h */; };
		0F37AF522025EC9800BA0553 /* pluginbasefwd.h in Headers */ = {isa = PBXBuildFile; fileRef = 0F37AF202025EC9700BA0553 /* pluginbasefwd.h */; };
		0F37AF532025EC9800BA0553 /* ipluginbase.h in Headers */ = {isa = PBXBuildFile; fileRef = 0F37AF212025EC9700BA0553 /* ipluginbase.h */; };
		0F37AF542025EC9800BA0553 /* ipluginbase.h in Headers */ = {isa = PBXBuildFile; fileRef = 0F37AF212025EC9700BA0553 /* ipluginbase.h */; };
		0F37AF552025EC9800BA0553 /* iupdatehandler.h in Headers */ = {isa = PBXBuildFile; fileRef = 0F37AF222025EC9700BA0553 /* iupdatehandler.h */; };
		0F37AF562025EC9800BA0553 /* iupdatehandler.h in Headers */ = {isa = PBXBuildFile; fileRef = 0F37AF222025EC9700BA0553 /* iupdatehandler.h */; };
		0F37AF572025EC9800BA0553 /* keycodes.h in Headers */ = {isa = PBXBuildFile; fileRef = 0F37AF232025EC9800BA0553 /* keycodes.h */; };
		0F37AF582025EC9800BA0553 /* keycodes.h in Headers */ = {isa = PBXBuildFile; fileRef = 0F37AF232025EC9800BA0553 /* keycodes.h */; };
		0F37AF592025EC9800BA0553 /* fvariant.h in Headers */ = {isa = PBXBuildFile; fileRef = 0F37AF242025EC9800BA0553 /* fvariant.h */; };
		0F37AF5A2025EC9800BA0553 /* fvariant.h in Headers */ = {isa = PBXBuildFile; fileRef = 0F37AF242025EC9800BA0553 /* fvariant.h */; };
		0F37AF5D2025ECA500BA0553 /* iplugview.h in Headers */ = {isa = PBXBuildFile; fileRef = 0F37AF5B2025ECA500BA0553 /* iplugview.h */; };
		0F37AF5E2025ECA500BA0553 /* iplugview.h in Headers */ = {isa = PBXBuildFile; fileRef = 0F37AF5B2025ECA500BA0553 /* iplugview.h */; };
		0F37AF5F2025ECA500BA0553 /* iplugviewcontentscalesupport.h in Headers */ = {isa = PBXBuildFile; fileRef = 0F37AF5C2025ECA500BA0553 /* iplugviewcontentscalesupport.h */; };
		0F37AF602025ECA500BA0553 /* iplugviewcontentscalesupport.h in Headers */ = {isa = PBXBuildFile; fileRef = 0F37AF5C2025ECA500BA0553 /* iplugviewcontentscalesupport.h */; };
		0F37AF772025ECB800BA0553 /* ivstcomponent.h in Headers */ = {isa = PBXBuildFile; fileRef = 0F37AF612025ECB500BA0553 /* ivstcomponent.h */; };
		0F37AF782025ECB800BA0553 /* ivstcomponent.h in Headers */ = {isa = PBXBuildFile; fileRef = 0F37AF612025ECB500BA0553 /* ivstcomponent.h */; };
		0F37AF792025ECB800BA0553 /* ivstplugview.h in Headers */ = {isa = PBXBuildFile; fileRef = 0F37AF622025ECB500BA0553 /* ivstplugview.h */; };
		0F37AF7A2025ECB800BA0553 /* ivstplugview.h in Headers */ = {isa = PBXBuildFile; fileRef = 0F37AF622025ECB500BA0553 /* ivstplugview.h */; };
		0F37AF7B2025ECB800BA0553 /* ivstprocesscontext.h in Headers */ = {isa = PBXBuildFile; fileRef = 0F37AF632025ECB500BA0553 /* ivstprocesscontext.h */; };
		0F37AF7C2025ECB800BA0553 /* ivstprocesscontext.h in Headers */ = {isa = PBXBuildFile; fileRef = 0F37AF632025ECB500BA0553 /* ivstprocesscontext.h */; };
		0F37AF7D2025ECB800BA0553 /* ivstprefetchablesupport.h in Headers */ = {isa = PBXBuildFile; fileRef = 0F37AF642025ECB600BA0553 /* ivstprefetchablesupport.h */; };
		0F37AF7E2025ECB800BA0553 /* ivstprefetchablesupport.h in Headers */ = {isa = PBXBuildFile; fileRef = 0F37AF642025ECB600BA0553 /* ivstprefetchablesupport.h */; };
		0F37AF7F2025ECB800BA0553 /* ivstrepresentation.h in Headers */ = {isa = PBXBuildFile; fileRef = 0F37AF652025ECB600BA0553 /* ivstrepresentation.h */; };
		0F37AF802025ECB800BA0553 /* ivstrepresentation.h in Headers */ = {isa = PBXBuildFile; fileRef = 0F37AF652025ECB600BA0553 /* ivstrepresentation.h */; };
		0F37AF812025ECB800BA0553 /* ivstinterappaudio.h in Headers */ = {isa = PBXBuildFile; fileRef = 0F37AF662025ECB600BA0553 /* ivstinterappaudio.h */; };
		0F37AF822025ECB800BA0553 /* ivstinterappaudio.h in Headers */ = {isa = PBXBuildFile; fileRef = 0F37AF662025ECB600BA0553 /* ivstinterappaudio.h */; };
		0F37AF832025ECB800BA0553 /* ivsteditcontroller.h in Headers */ = {isa = PBXBuildFile; fileRef = 0F37AF672025ECB600BA0553 /* ivsteditcontroller.h */; };
		0F37AF842025ECB800BA0553 /* ivsteditcontroller.h in Headers */ = {isa = PBXBuildFile; fileRef = 0F37AF672025ECB600BA0553 /* ivsteditcontroller.h */; };
		0F37AF852025ECB800BA0553 /* ivstattributes.h in Headers */ = {isa = PBXBuildFile; fileRef = 0F37AF682025ECB600BA0553 /* ivstattributes.h */; };
		0F37AF862025ECB800BA0553 /* ivstattributes.h in Headers */ = {isa = PBXBuildFile; fileRef = 0F37AF682025ECB600BA0553 /* ivstattributes.h */; };
		0F37AF872025ECB800BA0553 /* ivstparameterchanges.h in Headers */ = {isa = PBXBuildFile; fileRef = 0F37AF692025ECB600BA0553 /* ivstparameterchanges.h */; };
		0F37AF882025ECB800BA0553 /* ivstparameterchanges.h in Headers */ = {isa = PBXBuildFile; fileRef = 0F37AF692025ECB600BA0553 /* ivstparameterchanges.h */; };
		0F37AF892025ECB800BA0553 /* ivstunits.h in Headers */ = {isa = PBXBuildFile; fileRef = 0F37AF6A2025ECB600BA0553 /* ivstunits.h */; };
		0F37AF8A2025ECB800BA0553 /* ivstunits.h in Headers */ = {isa = PBXBuildFile; fileRef = 0F37AF6A2025ECB600BA0553 /* ivstunits.h */; };
		0F37AF8B2025ECB800BA0553 /* ivstmidicontrollers.h in Headers */ = {isa = PBXBuildFile; fileRef = 0F37AF6B2025ECB600BA0553 /* ivstmidicontrollers.h */; };
		0F37AF8C2025ECB800BA0553 /* ivstmidicontrollers.h in Headers */ = {isa = PBXBuildFile; fileRef = 0F37AF6B2025ECB600BA0553 /* ivstmidicontrollers.h */; };
		0F37AF8D2025ECB800BA0553 /* ivstchannelcontextinfo.h in Headers */ = {isa = PBXBuildFile; fileRef = 0F37AF6C2025ECB600BA0553 /* ivstchannelcontextinfo.h */; };
		0F37AF8E2025ECB800BA0553 /* ivstchannelcontextinfo.h in Headers */ = {isa = PBXBuildFile; fileRef = 0F37AF6C2025ECB600BA0553 /* ivstchannelcontextinfo.h */; };
		0F37AF8F2025ECB800BA0553 /* ivstcontextmenu.h in Headers */ = {isa = PBXBuildFile; fileRef = 0F37AF6D2025ECB700BA0553 /* ivstcontextmenu.h */; };
		0F37AF902025ECB800BA0553 /* ivstcontextmenu.h in Headers */ = {isa = PBXBuildFile; fileRef = 0F37AF6D2025ECB700BA0553 /* ivstcontextmenu.h */; };
		0F37AF912025ECB800BA0553 /* ivsthostapplication.h in Headers */ = {isa = PBXBuildFile; fileRef = 0F37AF6E2025ECB700BA0553 /* ivsthostapplication.h */; };
		0F37AF922025ECB800BA0553 /* ivsthostapplication.h in Headers */ = {isa = PBXBuildFile; fileRef = 0F37AF6E2025ECB700BA0553 /* ivsthostapplication.h */; };
		0F37AF932025ECB800BA0553 /* ivstnoteexpression.h in Headers */ = {isa = PBXBuildFile; fileRef = 0F37AF6F2025ECB700BA0553 /* ivstnoteexpression.h */; };
		0F37AF942025ECB800BA0553 /* ivstnoteexpression.h in Headers */ = {isa = PBXBuildFile; fileRef = 0F37AF6F2025ECB700BA0553 /* ivstnoteexpression.h */; };
		0F37AF952025ECB800BA0553 /* ivstmessage.h in Headers */ = {isa = PBXBuildFile; fileRef = 0F37AF702025ECB700BA0553 /* ivstmessage.h */; };
		0F37AF962025ECB800BA0553 /* ivstmessage.h in Headers */ = {isa = PBXBuildFile; fileRef = 0F37AF702025ECB700BA0553 /* ivstmessage.h */; };
		0F37AF972025ECB800BA0553 /* vsttypes.h in Headers */ = {isa = PBXBuildFile; fileRef = 0F37AF712025ECB700BA0553 /* vsttypes.h */; };
		0F37AF982025ECB800BA0553 /* vsttypes.h in Headers */ = {isa = PBXBuildFile; fileRef = 0F37AF712025ECB700BA0553 /* vsttypes.h */; };
		0F37AF992025ECB800BA0553 /* vstpresetkeys.h in Headers */ = {isa = PBXBuildFile; fileRef = 0F37AF722025ECB700BA0553 /* vstpresetkeys.h */; };
		0F37AF9A2025ECB800BA0553 /* vstpresetkeys.h in Headers */ = {isa = PBXBuildFile; fileRef = 0F37AF722025ECB700BA0553 /* vstpresetkeys.h */; };
		0F37AF9B2025ECB800BA0553 /* vstpshpack4.h in Headers */ = {isa = PBXBuildFile; fileRef = 0F37AF732025ECB700BA0553 /* vstpshpack4.h */; };
		0F37AF9C2025ECB800BA0553 /* vstpshpack4.h in Headers */ = {isa = PBXBuildFile; fileRef = 0F37AF732025ECB700BA0553 /* vstpshpack4.h */; };
		0F37AF9D2025ECB800BA0553 /* ivstevents.h in Headers */ = {isa = PBXBuildFile; fileRef = 0F37AF742025ECB700BA0553 /* ivstevents.h */; };
		0F37AF9E2025ECB800BA0553 /* ivstevents.h in Headers */ = {isa = PBXBuildFile; fileRef = 0F37AF742025ECB700BA0553 /* ivstevents.h */; };
		0F37AF9F2025ECB800BA0553 /* ivstaudioprocessor.h in Headers */ = {isa = PBXBuildFile; fileRef = 0F37AF752025ECB800BA0553 /* ivstaudioprocessor.h */; };
		0F37AFA02025ECB800BA0553 /* ivstaudioprocessor.h in Headers */ = {isa = PBXBuildFile; fileRef = 0F37AF752025ECB800BA0553 /* ivstaudioprocessor.h */; };
		0F37AFA12025ECB800BA0553 /* ivstautomationstate.h in Headers */ = {isa = PBXBuildFile; fileRef = 0F37AF762025ECB800BA0553 /* ivstautomationstate.h */; };
		0F37AFA22025ECB800BA0553 /* ivstautomationstate.h in Headers */ = {isa = PBXBuildFile; fileRef = 0F37AF762025ECB800BA0553 /* ivstautomationstate.h */; };
		0F37AFA72025ECE500BA0553 /* memorystream.h in Headers */ = {isa = PBXBuildFile; fileRef = 0F37AFA32025ECE400BA0553 /* memorystream.h */; };
		0F37AFA82025ECE500BA0553 /* memorystream.h in Headers */ = {isa = PBXBuildFile; fileRef = 0F37AFA32025ECE400BA0553 /* memorystream.h */; };
		0F37AFA92025ECE500BA0553 /* pluginview.h in Headers */ = {isa = PBXBuildFile; fileRef = 0F37AFA42025ECE400BA0553 /* pluginview.h */; };
		0F37AFAA2025ECE500BA0553 /* pluginview.h in Headers */ = {isa = PBXBuildFile; fileRef = 0F37AFA42025ECE400BA0553 /* pluginview.h */; };
		0F37AFAB2025ECE500BA0553 /* memorystream.cpp in Sources */ = {isa = PBXBuildFile; fileRef = 0F37AFA52025ECE400BA0553 /* memorystream.cpp */; };
		0F37AFAC2025ECE500BA0553 /* memorystream.cpp in Sources */ = {isa = PBXBuildFile; fileRef = 0F37AFA52025ECE400BA0553 /* memorystream.cpp */; };
		0F37AFAD2025ECE500BA0553 /* pluginview.cpp in Sources */ = {isa = PBXBuildFile; fileRef = 0F37AFA62025ECE400BA0553 /* pluginview.cpp */; };
		0F37AFAE2025ECE500BA0553 /* pluginview.cpp in Sources */ = {isa = PBXBuildFile; fileRef = 0F37AFA62025ECE400BA0553 /* pluginview.cpp */; };
		0F37AFB22025ECF300BA0553 /* macmain.cpp in Sources */ = {isa = PBXBuildFile; fileRef = 0F37AFAF2025ECF200BA0553 /* macmain.cpp */; };
		0F37AFB32025ECF300BA0553 /* macmain.cpp in Sources */ = {isa = PBXBuildFile; fileRef = 0F37AFAF2025ECF200BA0553 /* macmain.cpp */; };
		0F37AFB42025ECF300BA0553 /* pluginfactoryvst3.h in Headers */ = {isa = PBXBuildFile; fileRef = 0F37AFB02025ECF300BA0553 /* pluginfactoryvst3.h */; };
		0F37AFB52025ECF300BA0553 /* pluginfactoryvst3.h in Headers */ = {isa = PBXBuildFile; fileRef = 0F37AFB02025ECF300BA0553 /* pluginfactoryvst3.h */; };
		0F37AFB62025ECF300BA0553 /* pluginfactoryvst3.cpp in Sources */ = {isa = PBXBuildFile; fileRef = 0F37AFB12025ECF300BA0553 /* pluginfactoryvst3.cpp */; };
		0F37AFB72025ECF300BA0553 /* pluginfactoryvst3.cpp in Sources */ = {isa = PBXBuildFile; fileRef = 0F37AFB12025ECF300BA0553 /* pluginfactoryvst3.cpp */; };
		0F37AFCF2025ED0800BA0553 /* vstnoteexpressiontypes.h in Headers */ = {isa = PBXBuildFile; fileRef = 0F37AFB82025ED0500BA0553 /* vstnoteexpressiontypes.h */; };
		0F37AFD02025ED0800BA0553 /* vstnoteexpressiontypes.h in Headers */ = {isa = PBXBuildFile; fileRef = 0F37AFB82025ED0500BA0553 /* vstnoteexpressiontypes.h */; };
		0F37AFD12025ED0800BA0553 /* vstbus.cpp in Sources */ = {isa = PBXBuildFile; fileRef = 0F37AFB92025ED0500BA0553 /* vstbus.cpp */; };
		0F37AFD22025ED0800BA0553 /* vstbus.cpp in Sources */ = {isa = PBXBuildFile; fileRef = 0F37AFB92025ED0500BA0553 /* vstbus.cpp */; };
		0F37AFD32025ED0800BA0553 /* vstnoteexpressiontypes.cpp in Sources */ = {isa = PBXBuildFile; fileRef = 0F37AFBA2025ED0500BA0553 /* vstnoteexpressiontypes.cpp */; };
		0F37AFD42025ED0800BA0553 /* vstnoteexpressiontypes.cpp in Sources */ = {isa = PBXBuildFile; fileRef = 0F37AFBA2025ED0500BA0553 /* vstnoteexpressiontypes.cpp */; };
		0F37AFD52025ED0800BA0553 /* vstpresetfile.cpp in Sources */ = {isa = PBXBuildFile; fileRef = 0F37AFBB2025ED0500BA0553 /* vstpresetfile.cpp */; };
		0F37AFD62025ED0800BA0553 /* vstpresetfile.cpp in Sources */ = {isa = PBXBuildFile; fileRef = 0F37AFBB2025ED0500BA0553 /* vstpresetfile.cpp */; };
		0F37AFD72025ED0800BA0553 /* vstrepresentation.h in Headers */ = {isa = PBXBuildFile; fileRef = 0F37AFBC2025ED0500BA0553 /* vstrepresentation.h */; };
		0F37AFD82025ED0800BA0553 /* vstrepresentation.h in Headers */ = {isa = PBXBuildFile; fileRef = 0F37AFBC2025ED0500BA0553 /* vstrepresentation.h */; };
		0F37AFD92025ED0800BA0553 /* vstcomponentbase.h in Headers */ = {isa = PBXBuildFile; fileRef = 0F37AFBD2025ED0500BA0553 /* vstcomponentbase.h */; };
		0F37AFDA2025ED0800BA0553 /* vstcomponentbase.h in Headers */ = {isa = PBXBuildFile; fileRef = 0F37AFBD2025ED0500BA0553 /* vstcomponentbase.h */; };
		0F37AFDB2025ED0800BA0553 /* vstsinglecomponenteffect.h in Headers */ = {isa = PBXBuildFile; fileRef = 0F37AFBE2025ED0600BA0553 /* vstsinglecomponenteffect.h */; };
		0F37AFDC2025ED0800BA0553 /* vstsinglecomponenteffect.h in Headers */ = {isa = PBXBuildFile; fileRef = 0F37AFBE2025ED0600BA0553 /* vstsinglecomponenteffect.h */; };
		0F37AFDD2025ED0800BA0553 /* vstspeakerarray.h in Headers */ = {isa = PBXBuildFile; fileRef = 0F37AFBF2025ED0600BA0553 /* vstspeakerarray.h */; };
		0F37AFDE2025ED0800BA0553 /* vstspeakerarray.h in Headers */ = {isa = PBXBuildFile; fileRef = 0F37AFBF2025ED0600BA0553 /* vstspeakerarray.h */; };
		0F37AFDF2025ED0800BA0553 /* vstrepresentation.cpp in Sources */ = {isa = PBXBuildFile; fileRef = 0F37AFC02025ED0600BA0553 /* vstrepresentation.cpp */; };
		0F37AFE02025ED0800BA0553 /* vstrepresentation.cpp in Sources */ = {isa = PBXBuildFile; fileRef = 0F37AFC02025ED0600BA0553 /* vstrepresentation.cpp */; };
		0F37AFE12025ED0800BA0553 /* vstcomponentbase.cpp in Sources */ = {isa = PBXBuildFile; fileRef = 0F37AFC12025ED0600BA0553 /* vstcomponentbase.cpp */; };
		0F37AFE22025ED0800BA0553 /* vstcomponentbase.cpp in Sources */ = {isa = PBXBuildFile; fileRef = 0F37AFC12025ED0600BA0553 /* vstcomponentbase.cpp */; };
		0F37AFE32025ED0800BA0553 /* vstbypassprocessor.cpp in Sources */ = {isa = PBXBuildFile; fileRef = 0F37AFC22025ED0600BA0553 /* vstbypassprocessor.cpp */; };
		0F37AFE42025ED0800BA0553 /* vstbypassprocessor.cpp in Sources */ = {isa = PBXBuildFile; fileRef = 0F37AFC22025ED0600BA0553 /* vstbypassprocessor.cpp */; };
		0F37AFE52025ED0800BA0553 /* vstpresetfile.h in Headers */ = {isa = PBXBuildFile; fileRef = 0F37AFC32025ED0600BA0553 /* vstpresetfile.h */; };
		0F37AFE62025ED0800BA0553 /* vstpresetfile.h in Headers */ = {isa = PBXBuildFile; fileRef = 0F37AFC32025ED0600BA0553 /* vstpresetfile.h */; };
		0F37AFE72025ED0800BA0553 /* vstaudioprocessoralgo.h in Headers */ = {isa = PBXBuildFile; fileRef = 0F37AFC42025ED0600BA0553 /* vstaudioprocessoralgo.h */; };
		0F37AFE82025ED0800BA0553 /* vstaudioprocessoralgo.h in Headers */ = {isa = PBXBuildFile; fileRef = 0F37AFC42025ED0600BA0553 /* vstaudioprocessoralgo.h */; };
		0F37AFE92025ED0800BA0553 /* vstparameters.cpp in Sources */ = {isa = PBXBuildFile; fileRef = 0F37AFC52025ED0600BA0553 /* vstparameters.cpp */; };
		0F37AFEA2025ED0800BA0553 /* vstparameters.cpp in Sources */ = {isa = PBXBuildFile; fileRef = 0F37AFC52025ED0600BA0553 /* vstparameters.cpp */; };
		0F37AFEB2025ED0800BA0553 /* vstsinglecomponenteffect.cpp in Sources */ = {isa = PBXBuildFile; fileRef = 0F37AFC62025ED0700BA0553 /* vstsinglecomponenteffect.cpp */; };
		0F37AFEC2025ED0800BA0553 /* vstsinglecomponenteffect.cpp in Sources */ = {isa = PBXBuildFile; fileRef = 0F37AFC62025ED0700BA0553 /* vstsinglecomponenteffect.cpp */; };
		0F37AFED2025ED0800BA0553 /* vstinitiids.cpp in Sources */ = {isa = PBXBuildFile; fileRef = 0F37AFC72025ED0700BA0553 /* vstinitiids.cpp */; };
		0F37AFEE2025ED0800BA0553 /* vstinitiids.cpp in Sources */ = {isa = PBXBuildFile; fileRef = 0F37AFC72025ED0700BA0553 /* vstinitiids.cpp */; };
		0F37AFEF2025ED0800BA0553 /* vstbus.h in Headers */ = {isa = PBXBuildFile; fileRef = 0F37AFC82025ED0700BA0553 /* vstbus.h */; };
		0F37AFF02025ED0800BA0553 /* vstbus.h in Headers */ = {isa = PBXBuildFile; fileRef = 0F37AFC82025ED0700BA0553 /* vstbus.h */; };
		0F37AFF12025ED0800BA0553 /* vstaudioeffect.cpp in Sources */ = {isa = PBXBuildFile; fileRef = 0F37AFC92025ED0700BA0553 /* vstaudioeffect.cpp */; };
		0F37AFF22025ED0800BA0553 /* vstaudioeffect.cpp in Sources */ = {isa = PBXBuildFile; fileRef = 0F37AFC92025ED0700BA0553 /* vstaudioeffect.cpp */; };
		0F37AFF32025ED0800BA0553 /* vstcomponent.h in Headers */ = {isa = PBXBuildFile; fileRef = 0F37AFCA2025ED0700BA0553 /* vstcomponent.h */; };
		0F37AFF42025ED0800BA0553 /* vstcomponent.h in Headers */ = {isa = PBXBuildFile; fileRef = 0F37AFCA2025ED0700BA0553 /* vstcomponent.h */; };
		0F37AFF52025ED0800BA0553 /* vstparameters.h in Headers */ = {isa = PBXBuildFile; fileRef = 0F37AFCB2025ED0700BA0553 /* vstparameters.h */; };
		0F37AFF62025ED0800BA0553 /* vstparameters.h in Headers */ = {isa = PBXBuildFile; fileRef = 0F37AFCB2025ED0700BA0553 /* vstparameters.h */; };
		0F37AFF72025ED0800BA0553 /* vstcomponent.cpp in Sources */ = {isa = PBXBuildFile; fileRef = 0F37AFCC2025ED0800BA0553 /* vstcomponent.cpp */; };
		0F37AFF82025ED0800BA0553 /* vstcomponent.cpp in Sources */ = {isa = PBXBuildFile; fileRef = 0F37AFCC2025ED0800BA0553 /* vstcomponent.cpp */; };
		0F37AFF92025ED0800BA0553 /* vstbypassprocessor.h in Headers */ = {isa = PBXBuildFile; fileRef = 0F37AFCD2025ED0800BA0553 /* vstbypassprocessor.h */; };
		0F37AFFA2025ED0800BA0553 /* vstbypassprocessor.h in Headers */ = {isa = PBXBuildFile; fileRef = 0F37AFCD2025ED0800BA0553 /* vstbypassprocessor.h */; };
		0F37AFFB2025ED0800BA0553 /* vstaudioeffect.h in Headers */ = {isa = PBXBuildFile; fileRef = 0F37AFCE2025ED0800BA0553 /* vstaudioeffect.h */; };
		0F37AFFC2025ED0800BA0553 /* vstaudioeffect.h in Headers */ = {isa = PBXBuildFile; fileRef = 0F37AFCE2025ED0800BA0553 /* vstaudioeffect.h */; };
/* End PBXBuildFile section */

/* Begin PBXFileReference section */
		0F37AEB92025EC0800BA0553 /* fstdmethods.h */ = {isa = PBXFileReference; fileEncoding = 4; lastKnownFileType = sourcecode.c.h; name = fstdmethods.h; path = ../source/fstdmethods.h; sourceTree = "<group>"; };
		0F37AEBA2025EC0800BA0553 /* fdebug.h */ = {isa = PBXFileReference; fileEncoding = 4; lastKnownFileType = sourcecode.c.h; name = fdebug.h; path = ../source/fdebug.h; sourceTree = "<group>"; };
		0F37AEBB2025EC0800BA0553 /* baseiids.cpp */ = {isa = PBXFileReference; fileEncoding = 4; lastKnownFileType = sourcecode.cpp.cpp; name = baseiids.cpp; path = ../source/baseiids.cpp; sourceTree = "<group>"; };
		0F37AEBC2025EC0800BA0553 /* fbuffer.h */ = {isa = PBXFileReference; fileEncoding = 4; lastKnownFileType = sourcecode.c.h; name = fbuffer.h; path = ../source/fbuffer.h; sourceTree = "<group>"; };
		0F37AEBD2025EC0800BA0553 /* fobject.cpp */ = {isa = PBXFileReference; fileEncoding = 4; lastKnownFileType = sourcecode.cpp.cpp; name = fobject.cpp; path = ../source/fobject.cpp; sourceTree = "<group>"; };
		0F37AEBE2025EC0800BA0553 /* fstreamer.h */ = {isa = PBXFileReference; fileEncoding = 4; lastKnownFileType = sourcecode.c.h; name = fstreamer.h; path = ../source/fstreamer.h; sourceTree = "<group>"; };
		0F37AEBF2025EC0800BA0553 /* fdynlib.h */ = {isa = PBXFileReference; fileEncoding = 4; lastKnownFileType = sourcecode.c.h; name = fdynlib.h; path = ../source/fdynlib.h; sourceTree = "<group>"; };
		0F37AEC02025EC0800BA0553 /* fcleanup.h */ = {isa = PBXFileReference; fileEncoding = 4; lastKnownFileType = sourcecode.c.h; name = fcleanup.h; path = ../source/fcleanup.h; sourceTree = "<group>"; };
		0F37AEC12025EC0800BA0553 /* fstring.cpp */ = {isa = PBXFileReference; fileEncoding = 4; lastKnownFileType = sourcecode.cpp.cpp; name = fstring.cpp; path = ../source/fstring.cpp; sourceTree = "<group>"; };
		0F37AEC22025EC0800BA0553 /* timer.h */ = {isa = PBXFileReference; fileEncoding = 4; lastKnownFileType = sourcecode.c.h; name = timer.h; path = ../source/timer.h; sourceTree = "<group>"; };
		0F37AEC32025EC0800BA0553 /* fdebug.cpp */ = {isa = PBXFileReference; fileEncoding = 4; lastKnownFileType = sourcecode.cpp.cpp; name = fdebug.cpp; path = ../source/fdebug.cpp; sourceTree = "<group>"; };
		0F37AEC42025EC0800BA0553 /* timer.cpp */ = {isa = PBXFileReference; fileEncoding = 4; lastKnownFileType = sourcecode.cpp.cpp; name = timer.cpp; path = ../source/timer.cpp; sourceTree = "<group>"; };
		0F37AEC52025EC0800BA0553 /* fcommandline.h */ = {isa = PBXFileReference; fileEncoding = 4; lastKnownFileType = sourcecode.c.h; name = fcommandline.h; path = ../source/fcommandline.h; sourceTree = "<group>"; };
		0F37AEC62025EC0800BA0553 /* fdynlib.cpp */ = {isa = PBXFileReference; fileEncoding = 4; lastKnownFileType = sourcecode.cpp.cpp; name = fdynlib.cpp; path = ../source/fdynlib.cpp; sourceTree = "<group>"; };
		0F37AEC72025EC0800BA0553 /* fstring.h */ = {isa = PBXFileReference; fileEncoding = 4; lastKnownFileType = sourcecode.c.h; name = fstring.h; path = ../source/fstring.h; sourceTree = "<group>"; };
		0F37AEC82025EC0900BA0553 /* fbuffer.cpp */ = {isa = PBXFileReference; fileEncoding = 4; lastKnownFileType = sourcecode.cpp.cpp; name = fbuffer.cpp; path = ../source/fbuffer.cpp; sourceTree = "<group>"; };
		0F37AEC92025EC0900BA0553 /* classfactoryhelpers.h */ = {isa = PBXFileReference; fileEncoding = 4; lastKnownFileType = sourcecode.c.h; name = classfactoryhelpers.h; path = ../source/classfactoryhelpers.h; sourceTree = "<group>"; };
		0F37AECA2025EC0900BA0553 /* fobject.h */ = {isa = PBXFileReference; fileEncoding = 4; lastKnownFileType = sourcecode.c.h; name = fobject.h; path = ../source/fobject.h; sourceTree = "<group>"; };
		0F37AECB2025EC0900BA0553 /* updatehandler.cpp */ = {isa = PBXFileReference; fileEncoding = 4; lastKnownFileType = sourcecode.cpp.cpp; name = updatehandler.cpp; path = ../source/updatehandler.cpp; sourceTree = "<group>"; };
		0F37AECC2025EC0900BA0553 /* fstreamer.cpp */ = {isa = PBXFileReference; fileEncoding = 4; lastKnownFileType = sourcecode.cpp.cpp; name = fstreamer.cpp; path = ../source/fstreamer.cpp; sourceTree = "<group>"; };
		0F37AECD2025EC0900BA0553 /* updatehandler.h */ = {isa = PBXFileReference; fileEncoding = 4; lastKnownFileType = sourcecode.c.h; name = updatehandler.h; path = ../source/updatehandler.h; sourceTree = "<group>"; };
		0F37AECE2025EC0900BA0553 /* hexbinary.h */ = {isa = PBXFileReference; fileEncoding = 4; lastKnownFileType = sourcecode.c.h; name = hexbinary.h; path = ../source/hexbinary.h; sourceTree = "<group>"; };
		0F37AEFE2025EC7700BA0553 /* fcondition.cpp */ = {isa = PBXFileReference; fileEncoding = 4; lastKnownFileType = sourcecode.cpp.cpp; name = fcondition.cpp; path = ../thread/source/fcondition.cpp; sourceTree = "<group>"; };
		0F37AEFF2025EC7700BA0553 /* flock.cpp */ = {isa = PBXFileReference; fileEncoding = 4; lastKnownFileType = sourcecode.cpp.cpp; name = flock.cpp; path = ../thread/source/flock.cpp; sourceTree = "<group>"; };
		0F37AF042025EC8100BA0553 /* fcondition.h */ = {isa = PBXFileReference; fileEncoding = 4; lastKnownFileType = sourcecode.c.h; name = fcondition.h; path = ../thread/include/fcondition.h; sourceTree = "<group>"; };
		0F37AF052025EC8100BA0553 /* flock.h */ = {isa = PBXFileReference; fileEncoding = 4; lastKnownFileType = sourcecode.c.h; name = flock.h; path = ../thread/include/flock.h; sourceTree = "<group>"; };
		0F37AF0A2025EC9300BA0553 /* smartpointer.h */ = {isa = PBXFileReference; fileEncoding = 4; lastKnownFileType = sourcecode.c.h; name = smartpointer.h; path = ../../pluginterfaces/base/smartpointer.h; sourceTree = "<group>"; };
		0F37AF0B2025EC9400BA0553 /* futils.h */ = {isa = PBXFileReference; fileEncoding = 4; lastKnownFileType = sourcecode.c.h; name = futils.h; path = ../../pluginterfaces/base/futils.h; sourceTree = "<group>"; };
		0F37AF0C2025EC9400BA0553 /* ucolorspec.h */ = {isa = PBXFileReference; fileEncoding = 4; lastKnownFileType = sourcecode.c.h; name = ucolorspec.h; path = ../../pluginterfaces/base/ucolorspec.h; sourceTree = "<group>"; };
		0F37AF0D2025EC9400BA0553 /* falignpop.h */ = {isa = PBXFileReference; fileEncoding = 4; lastKnownFileType = sourcecode.c.h; name = falignpop.h; path = ../../pluginterfaces/base/falignpop.h; sourceTree = "<group>"; };
		0F37AF0E2025EC9400BA0553 /* ibstream.h */ = {isa = PBXFileReference; fileEncoding = 4; lastKnownFileType = sourcecode.c.h; name = ibstream.h; path = ../../pluginterfaces/base/ibstream.h; sourceTree = "<group>"; };
		0F37AF0F2025EC9400BA0553 /* coreiids.cpp */ = {isa = PBXFileReference; fileEncoding = 4; lastKnownFileType = sourcecode.cpp.cpp; name = coreiids.cpp; path = ../../pluginterfaces/base/coreiids.cpp; sourceTree = "<group>"; };
		0F37AF102025EC9400BA0553 /* ustring.cpp */ = {isa = PBXFileReference; fileEncoding = 4; lastKnownFileType = sourcecode.cpp.cpp; name = ustring.cpp; path = ../../pluginterfaces/base/ustring.cpp; sourceTree = "<group>"; };
		0F37AF112025EC9500BA0553 /* ustring.h */ = {isa = PBXFileReference; fileEncoding = 4; lastKnownFileType = sourcecode.c.h; name = ustring.h; path = ../../pluginterfaces/base/ustring.h; sourceTree = "<group>"; };
		0F37AF122025EC9500BA0553 /* ierrorcontext.h */ = {isa = PBXFileReference; fileEncoding = 4; lastKnownFileType = sourcecode.c.h; name = ierrorcontext.h; path = ../../pluginterfaces/base/ierrorcontext.h; sourceTree = "<group>"; };
		0F37AF132025EC9500BA0553 /* icloneable.h */ = {isa = PBXFileReference; fileEncoding = 4; lastKnownFileType = sourcecode.c.h; name = icloneable.h; path = ../../pluginterfaces/base/icloneable.h; sourceTree = "<group>"; };
		0F37AF142025EC9500BA0553 /* conststringtable.cpp */ = {isa = PBXFileReference; fileEncoding = 4; lastKnownFileType = sourcecode.cpp.cpp; name = conststringtable.cpp; path = ../../pluginterfaces/base/conststringtable.cpp; sourceTree = "<group>"; };
		0F37AF152025EC9500BA0553 /* funknown.cpp */ = {isa = PBXFileReference; fileEncoding = 4; lastKnownFileType = sourcecode.cpp.cpp; name = funknown.cpp; path = ../../pluginterfaces/base/funknown.cpp; sourceTree = "<group>"; };
		0F37AF162025EC9600BA0553 /* falignpush.h */ = {isa = PBXFileReference; fileEncoding = 4; lastKnownFileType = sourcecode.c.h; name = falignpush.h; path = ../../pluginterfaces/base/falignpush.h; sourceTree = "<group>"; };
		0F37AF172025EC9600BA0553 /* geoconstants.h */ = {isa = PBXFileReference; fileEncoding = 4; lastKnownFileType = sourcecode.c.h; name = geoconstants.h; path = ../../pluginterfaces/base/geoconstants.h; sourceTree = "<group>"; };
		0F37AF182025EC9600BA0553 /* funknown.h */ = {isa = PBXFileReference; fileEncoding = 4; lastKnownFileType = sourcecode.c.h; name = funknown.h; path = ../../pluginterfaces/base/funknown.h; sourceTree = "<group>"; };
		0F37AF192025EC9600BA0553 /* fstrdefs.h */ = {isa = PBXFileReference; fileEncoding = 4; lastKnownFileType = sourcecode.c.h; name = fstrdefs.h; path = ../../pluginterfaces/base/fstrdefs.h; sourceTree = "<group>"; };
		0F37AF1A2025EC9600BA0553 /* ipersistent.h */ = {isa = PBXFileReference; fileEncoding = 4; lastKnownFileType = sourcecode.c.h; name = ipersistent.h; path = ../../pluginterfaces/base/ipersistent.h; sourceTree = "<group>"; };
		0F37AF1B2025EC9600BA0553 /* ftypes.h */ = {isa = PBXFileReference; fileEncoding = 4; lastKnownFileType = sourcecode.c.h; name = ftypes.h; path = ../../pluginterfaces/base/ftypes.h; sourceTree = "<group>"; };
		0F37AF1C2025EC9600BA0553 /* istringresult.h */ = {isa = PBXFileReference; fileEncoding = 4; lastKnownFileType = sourcecode.c.h; name = istringresult.h; path = ../../pluginterfaces/base/istringresult.h; sourceTree = "<group>"; };
		0F37AF1D2025EC9600BA0553 /* conststringtable.h */ = {isa = PBXFileReference; fileEncoding = 4; lastKnownFileType = sourcecode.c.h; name = conststringtable.h; path = ../../pluginterfaces/base/conststringtable.h; sourceTree = "<group>"; };
		0F37AF1E2025EC9700BA0553 /* fplatform.h */ = {isa = PBXFileReference; fileEncoding = 4; lastKnownFileType = sourcecode.c.h; name = fplatform.h; path = ../../pluginterfaces/base/fplatform.h; sourceTree = "<group>"; };
		0F37AF1F2025EC9700BA0553 /* doc.h */ = {isa = PBXFileReference; fileEncoding = 4; lastKnownFileType = sourcecode.c.h; name = doc.h; path = ../../pluginterfaces/base/doc.h; sourceTree = "<group>"; };
		0F37AF202025EC9700BA0553 /* pluginbasefwd.h */ = {isa = PBXFileReference; fileEncoding = 4; lastKnownFileType = sourcecode.c.h; name = pluginbasefwd.h; path = ../../pluginterfaces/base/pluginbasefwd.h; sourceTree = "<group>"; };
		0F37AF212025EC9700BA0553 /* ipluginbase.h */ = {isa = PBXFileReference; fileEncoding = 4; lastKnownFileType = sourcecode.c.h; name = ipluginbase.h; path = ../../pluginterfaces/base/ipluginbase.h; sourceTree = "<group>"; };
		0F37AF222025EC9700BA0553 /* iupdatehandler.h */ = {isa = PBXFileReference; fileEncoding = 4; lastKnownFileType = sourcecode.c.h; name = iupdatehandler.h; path = ../../pluginterfaces/base/iupdatehandler.h; sourceTree = "<group>"; };
		0F37AF232025EC9800BA0553 /* keycodes.h */ = {isa = PBXFileReference; fileEncoding = 4; lastKnownFileType = sourcecode.c.h; name = keycodes.h; path = ../../pluginterfaces/base/keycodes.h; sourceTree = "<group>"; };
		0F37AF242025EC9800BA0553 /* fvariant.h */ = {isa = PBXFileReference; fileEncoding = 4; lastKnownFileType = sourcecode.c.h; name = fvariant.h; path = ../../pluginterfaces/base/fvariant.h; sourceTree = "<group>"; };
		0F37AF5B2025ECA500BA0553 /* iplugview.h */ = {isa = PBXFileReference; fileEncoding = 4; lastKnownFileType = sourcecode.c.h; name = iplugview.h; path = ../../pluginterfaces/gui/iplugview.h; sourceTree = "<group>"; };
		0F37AF5C2025ECA500BA0553 /* iplugviewcontentscalesupport.h */ = {isa = PBXFileReference; fileEncoding = 4; lastKnownFileType = sourcecode.c.h; name = iplugviewcontentscalesupport.h; path = ../../pluginterfaces/gui/iplugviewcontentscalesupport.h; sourceTree = "<group>"; };
		0F37AF612025ECB500BA0553 /* ivstcomponent.h */ = {isa = PBXFileReference; fileEncoding = 4; lastKnownFileType = sourcecode.c.h; name = ivstcomponent.h; path = ../../pluginterfaces/vst/ivstcomponent.h; sourceTree = "<group>"; };
		0F37AF622025ECB500BA0553 /* ivstplugview.h */ = {isa = PBXFileReference; fileEncoding = 4; lastKnownFileType = sourcecode.c.h; name = ivstplugview.h; path = ../../pluginterfaces/vst/ivstplugview.h; sourceTree = "<group>"; };
		0F37AF632025ECB500BA0553 /* ivstprocesscontext.h */ = {isa = PBXFileReference; fileEncoding = 4; lastKnownFileType = sourcecode.c.h; name = ivstprocesscontext.h; path = ../../pluginterfaces/vst/ivstprocesscontext.h; sourceTree = "<group>"; };
		0F37AF642025ECB600BA0553 /* ivstprefetchablesupport.h */ = {isa = PBXFileReference; fileEncoding = 4; lastKnownFileType = sourcecode.c.h; name = ivstprefetchablesupport.h; path = ../../pluginterfaces/vst/ivstprefetchablesupport.h; sourceTree = "<group>"; };
		0F37AF652025ECB600BA0553 /* ivstrepresentation.h */ = {isa = PBXFileReference; fileEncoding = 4; lastKnownFileType = sourcecode.c.h; name = ivstrepresentation.h; path = ../../pluginterfaces/vst/ivstrepresentation.h; sourceTree = "<group>"; };
		0F37AF662025ECB600BA0553 /* ivstinterappaudio.h */ = {isa = PBXFileReference; fileEncoding = 4; lastKnownFileType = sourcecode.c.h; name = ivstinterappaudio.h; path = ../../pluginterfaces/vst/ivstinterappaudio.h; sourceTree = "<group>"; };
		0F37AF672025ECB600BA0553 /* ivsteditcontroller.h */ = {isa = PBXFileReference; fileEncoding = 4; lastKnownFileType = sourcecode.c.h; name = ivsteditcontroller.h; path = ../../pluginterfaces/vst/ivsteditcontroller.h; sourceTree = "<group>"; };
		0F37AF682025ECB600BA0553 /* ivstattributes.h */ = {isa = PBXFileReference; fileEncoding = 4; lastKnownFileType = sourcecode.c.h; name = ivstattributes.h; path = ../../pluginterfaces/vst/ivstattributes.h; sourceTree = "<group>"; };
		0F37AF692025ECB600BA0553 /* ivstparameterchanges.h */ = {isa = PBXFileReference; fileEncoding = 4; lastKnownFileType = sourcecode.c.h; name = ivstparameterchanges.h; path = ../../pluginterfaces/vst/ivstparameterchanges.h; sourceTree = "<group>"; };
		0F37AF6A2025ECB600BA0553 /* ivstunits.h */ = {isa = PBXFileReference; fileEncoding = 4; lastKnownFileType = sourcecode.c.h; name = ivstunits.h; path = ../../pluginterfaces/vst/ivstunits.h; sourceTree = "<group>"; };
		0F37AF6B2025ECB600BA0553 /* ivstmidicontrollers.h */ = {isa = PBXFileReference; fileEncoding = 4; lastKnownFileType = sourcecode.c.h; name = ivstmidicontrollers.h; path = ../../pluginterfaces/vst/ivstmidicontrollers.h; sourceTree = "<group>"; };
		0F37AF6C2025ECB600BA0553 /* ivstchannelcontextinfo.h */ = {isa = PBXFileReference; fileEncoding = 4; lastKnownFileType = sourcecode.c.h; name = ivstchannelcontextinfo.h; path = ../../pluginterfaces/vst/ivstchannelcontextinfo.h; sourceTree = "<group>"; };
		0F37AF6D2025ECB700BA0553 /* ivstcontextmenu.h */ = {isa = PBXFileReference; fileEncoding = 4; lastKnownFileType = sourcecode.c.h; name = ivstcontextmenu.h; path = ../../pluginterfaces/vst/ivstcontextmenu.h; sourceTree = "<group>"; };
		0F37AF6E2025ECB700BA0553 /* ivsthostapplication.h */ = {isa = PBXFileReference; fileEncoding = 4; lastKnownFileType = sourcecode.c.h; name = ivsthostapplication.h; path = ../../pluginterfaces/vst/ivsthostapplication.h; sourceTree = "<group>"; };
		0F37AF6F2025ECB700BA0553 /* ivstnoteexpression.h */ = {isa = PBXFileReference; fileEncoding = 4; lastKnownFileType = sourcecode.c.h; name = ivstnoteexpression.h; path = ../../pluginterfaces/vst/ivstnoteexpression.h; sourceTree = "<group>"; };
		0F37AF702025ECB700BA0553 /* ivstmessage.h */ = {isa = PBXFileReference; fileEncoding = 4; lastKnownFileType = sourcecode.c.h; name = ivstmessage.h; path = ../../pluginterfaces/vst/ivstmessage.h; sourceTree = "<group>"; };
		0F37AF712025ECB700BA0553 /* vsttypes.h */ = {isa = PBXFileReference; fileEncoding = 4; lastKnownFileType = sourcecode.c.h; name = vsttypes.h; path = ../../pluginterfaces/vst/vsttypes.h; sourceTree = "<group>"; };
		0F37AF722025ECB700BA0553 /* vstpresetkeys.h */ = {isa = PBXFileReference; fileEncoding = 4; lastKnownFileType = sourcecode.c.h; name = vstpresetkeys.h; path = ../../pluginterfaces/vst/vstpresetkeys.h; sourceTree = "<group>"; };
		0F37AF732025ECB700BA0553 /* vstpshpack4.h */ = {isa = PBXFileReference; fileEncoding = 4; lastKnownFileType = sourcecode.c.h; name = vstpshpack4.h; path = ../../pluginterfaces/vst/vstpshpack4.h; sourceTree = "<group>"; };
		0F37AF742025ECB700BA0553 /* ivstevents.h */ = {isa = PBXFileReference; fileEncoding = 4; lastKnownFileType = sourcecode.c.h; name = ivstevents.h; path = ../../pluginterfaces/vst/ivstevents.h; sourceTree = "<group>"; };
		0F37AF752025ECB800BA0553 /* ivstaudioprocessor.h */ = {isa = PBXFileReference; fileEncoding = 4; lastKnownFileType = sourcecode.c.h; name = ivstaudioprocessor.h; path = ../../pluginterfaces/vst/ivstaudioprocessor.h; sourceTree = "<group>"; };
		0F37AF762025ECB800BA0553 /* ivstautomationstate.h */ = {isa = PBXFileReference; fileEncoding = 4; lastKnownFileType = sourcecode.c.h; name = ivstautomationstate.h; path = ../../pluginterfaces/vst/ivstautomationstate.h; sourceTree = "<group>"; };
		0F37AFA32025ECE400BA0553 /* memorystream.h */ = {isa = PBXFileReference; fileEncoding = 4; lastKnownFileType = sourcecode.c.h; name = memorystream.h; path = ../../public.sdk/source/common/memorystream.h; sourceTree = "<group>"; };
		0F37AFA42025ECE400BA0553 /* pluginview.h */ = {isa = PBXFileReference; fileEncoding = 4; lastKnownFileType = sourcecode.c.h; name = pluginview.h; path = ../../public.sdk/source/common/pluginview.h; sourceTree = "<group>"; };
		0F37AFA52025ECE400BA0553 /* memorystream.cpp */ = {isa = PBXFileReference; fileEncoding = 4; lastKnownFileType = sourcecode.cpp.cpp; name = memorystream.cpp; path = ../../public.sdk/source/common/memorystream.cpp; sourceTree = "<group>"; };
		0F37AFA62025ECE400BA0553 /* pluginview.cpp */ = {isa = PBXFileReference; fileEncoding = 4; lastKnownFileType = sourcecode.cpp.cpp; name = pluginview.cpp; path = ../../public.sdk/source/common/pluginview.cpp; sourceTree = "<group>"; };
		0F37AFAF2025ECF200BA0553 /* macmain.cpp */ = {isa = PBXFileReference; fileEncoding = 4; lastKnownFileType = sourcecode.cpp.cpp; name = macmain.cpp; path = ../../public.sdk/source/main/macmain.cpp; sourceTree = "<group>"; };
		0F37AFB02025ECF300BA0553 /* pluginfactoryvst3.h */ = {isa = PBXFileReference; fileEncoding = 4; lastKnownFileType = sourcecode.c.h; name = pluginfactoryvst3.h; path = ../../public.sdk/source/main/pluginfactoryvst3.h; sourceTree = "<group>"; };
		0F37AFB12025ECF300BA0553 /* pluginfactoryvst3.cpp */ = {isa = PBXFileReference; fileEncoding = 4; lastKnownFileType = sourcecode.cpp.cpp; name = pluginfactoryvst3.cpp; path = ../../public.sdk/source/main/pluginfactoryvst3.cpp; sourceTree = "<group>"; };
		0F37AFB82025ED0500BA0553 /* vstnoteexpressiontypes.h */ = {isa = PBXFileReference; fileEncoding = 4; lastKnownFileType = sourcecode.c.h; name = vstnoteexpressiontypes.h; path = ../../public.sdk/source/vst/vstnoteexpressiontypes.h; sourceTree = "<group>"; };
		0F37AFB92025ED0500BA0553 /* vstbus.cpp */ = {isa = PBXFileReference; fileEncoding = 4; lastKnownFileType = sourcecode.cpp.cpp; name = vstbus.cpp; path = ../../public.sdk/source/vst/vstbus.cpp; sourceTree = "<group>"; };
		0F37AFBA2025ED0500BA0553 /* vstnoteexpressiontypes.cpp */ = {isa = PBXFileReference; fileEncoding = 4; lastKnownFileType = sourcecode.cpp.cpp; name = vstnoteexpressiontypes.cpp; path = ../../public.sdk/source/vst/vstnoteexpressiontypes.cpp; sourceTree = "<group>"; };
		0F37AFBB2025ED0500BA0553 /* vstpresetfile.cpp */ = {isa = PBXFileReference; fileEncoding = 4; lastKnownFileType = sourcecode.cpp.cpp; name = vstpresetfile.cpp; path = ../../public.sdk/source/vst/vstpresetfile.cpp; sourceTree = "<group>"; };
		0F37AFBC2025ED0500BA0553 /* vstrepresentation.h */ = {isa = PBXFileReference; fileEncoding = 4; lastKnownFileType = sourcecode.c.h; name = vstrepresentation.h; path = ../../public.sdk/source/vst/vstrepresentation.h; sourceTree = "<group>"; };
		0F37AFBD2025ED0500BA0553 /* vstcomponentbase.h */ = {isa = PBXFileReference; fileEncoding = 4; lastKnownFileType = sourcecode.c.h; name = vstcomponentbase.h; path = ../../public.sdk/source/vst/vstcomponentbase.h; sourceTree = "<group>"; };
		0F37AFBE2025ED0600BA0553 /* vstsinglecomponenteffect.h */ = {isa = PBXFileReference; fileEncoding = 4; lastKnownFileType = sourcecode.c.h; name = vstsinglecomponenteffect.h; path = ../../public.sdk/source/vst/vstsinglecomponenteffect.h; sourceTree = "<group>"; };
		0F37AFBF2025ED0600BA0553 /* vstspeakerarray.h */ = {isa = PBXFileReference; fileEncoding = 4; lastKnownFileType = sourcecode.c.h; name = vstspeakerarray.h; path = ../../public.sdk/source/vst/vstspeakerarray.h; sourceTree = "<group>"; };
		0F37AFC02025ED0600BA0553 /* vstrepresentation.cpp */ = {isa = PBXFileReference; fileEncoding = 4; lastKnownFileType = sourcecode.cpp.cpp; name = vstrepresentation.cpp; path = ../../public.sdk/source/vst/vstrepresentation.cpp; sourceTree = "<group>"; };
		0F37AFC12025ED0600BA0553 /* vstcomponentbase.cpp */ = {isa = PBXFileReference; fileEncoding = 4; lastKnownFileType = sourcecode.cpp.cpp; name = vstcomponentbase.cpp; path = ../../public.sdk/source/vst/vstcomponentbase.cpp; sourceTree = "<group>"; };
		0F37AFC22025ED0600BA0553 /* vstbypassprocessor.cpp */ = {isa = PBXFileReference; fileEncoding = 4; lastKnownFileType = sourcecode.cpp.cpp; name = vstbypassprocessor.cpp; path = ../../public.sdk/source/vst/vstbypassprocessor.cpp; sourceTree = "<group>"; };
		0F37AFC32025ED0600BA0553 /* vstpresetfile.h */ = {isa = PBXFileReference; fileEncoding = 4; lastKnownFileType = sourcecode.c.h; name = vstpresetfile.h; path = ../../public.sdk/source/vst/vstpresetfile.h; sourceTree = "<group>"; };
		0F37AFC42025ED0600BA0553 /* vstaudioprocessoralgo.h */ = {isa = PBXFileReference; fileEncoding = 4; lastKnownFileType = sourcecode.c.h; name = vstaudioprocessoralgo.h; path = ../../public.sdk/source/vst/vstaudioprocessoralgo.h; sourceTree = "<group>"; };
		0F37AFC52025ED0600BA0553 /* vstparameters.cpp */ = {isa = PBXFileReference; fileEncoding = 4; lastKnownFileType = sourcecode.cpp.cpp; name = vstparameters.cpp; path = ../../public.sdk/source/vst/vstparameters.cpp; sourceTree = "<group>"; };
		0F37AFC62025ED0700BA0553 /* vstsinglecomponenteffect.cpp */ = {isa = PBXFileReference; fileEncoding = 4; lastKnownFileType = sourcecode.cpp.cpp; name = vstsinglecomponenteffect.cpp; path = ../../public.sdk/source/vst/vstsinglecomponenteffect.cpp; sourceTree = "<group>"; };
		0F37AFC72025ED0700BA0553 /* vstinitiids.cpp */ = {isa = PBXFileReference; fileEncoding = 4; lastKnownFileType = sourcecode.cpp.cpp; name = vstinitiids.cpp; path = ../../public.sdk/source/vst/vstinitiids.cpp; sourceTree = "<group>"; };
		0F37AFC82025ED0700BA0553 /* vstbus.h */ = {isa = PBXFileReference; fileEncoding = 4; lastKnownFileType = sourcecode.c.h; name = vstbus.h; path = ../../public.sdk/source/vst/vstbus.h; sourceTree = "<group>"; };
		0F37AFC92025ED0700BA0553 /* vstaudioeffect.cpp */ = {isa = PBXFileReference; fileEncoding = 4; lastKnownFileType = sourcecode.cpp.cpp; name = vstaudioeffect.cpp; path = ../../public.sdk/source/vst/vstaudioeffect.cpp; sourceTree = "<group>"; };
		0F37AFCA2025ED0700BA0553 /* vstcomponent.h */ = {isa = PBXFileReference; fileEncoding = 4; lastKnownFileType = sourcecode.c.h; name = vstcomponent.h; path = ../../public.sdk/source/vst/vstcomponent.h; sourceTree = "<group>"; };
		0F37AFCB2025ED0700BA0553 /* vstparameters.h */ = {isa = PBXFileReference; fileEncoding = 4; lastKnownFileType = sourcecode.c.h; name = vstparameters.h; path = ../../public.sdk/source/vst/vstparameters.h; sourceTree = "<group>"; };
		0F37AFCC2025ED0800BA0553 /* vstcomponent.cpp */ = {isa = PBXFileReference; fileEncoding = 4; lastKnownFileType = sourcecode.cpp.cpp; name = vstcomponent.cpp; path = ../../public.sdk/source/vst/vstcomponent.cpp; sourceTree = "<group>"; };
		0F37AFCD2025ED0800BA0553 /* vstbypassprocessor.h */ = {isa = PBXFileReference; fileEncoding = 4; lastKnownFileType = sourcecode.c.h; name = vstbypassprocessor.h; path = ../../public.sdk/source/vst/vstbypassprocessor.h; sourceTree = "<group>"; };
		0F37AFCE2025ED0800BA0553 /* vstaudioeffect.h */ = {isa = PBXFileReference; fileEncoding = 4; lastKnownFileType = sourcecode.c.h; name = vstaudioeffect.h; path = ../../public.sdk/source/vst/vstaudioeffect.h; sourceTree = "<group>"; };
		4FA70847158B454300BFC572 /* common.xcconfig */ = {isa = PBXFileReference; fileEncoding = 4; lastKnownFileType = text.xcconfig; name = common.xcconfig; path = ../../../common.xcconfig; sourceTree = SOURCE_ROOT; };
		4FA708BC158B47D200BFC572 /* libbase32.a */ = {isa = PBXFileReference; explicitFileType = archive.ar; includeInIndex = 0; path = libbase32.a; sourceTree = BUILT_PRODUCTS_DIR; };
		D2AAC046055464E500DB518D /* libbase.a */ = {isa = PBXFileReference; explicitFileType = archive.ar; includeInIndex = 0; path = libbase.a; sourceTree = BUILT_PRODUCTS_DIR; };
/* End PBXFileReference section */

/* Begin PBXFrameworksBuildPhase section */
		4FA708B8158B47D200BFC572 /* Frameworks */ = {
			isa = PBXFrameworksBuildPhase;
			buildActionMask = 2147483647;
			files = (
			);
			runOnlyForDeploymentPostprocessing = 0;
		};
		D289987405E68DCB004EDB86 /* Frameworks */ = {
			isa = PBXFrameworksBuildPhase;
			buildActionMask = 2147483647;
			files = (
			);
			runOnlyForDeploymentPostprocessing = 0;
		};
/* End PBXFrameworksBuildPhase section */

/* Begin PBXGroup section */
		08FB7794FE84155DC02AAC07 /* base */ = {
			isa = PBXGroup;
			children = (
				0FFB2E261F583A1900B6A6E6 /* pluginterfaces/vst */,
				0FFB2E1F1F5839FA00B6A6E6 /* pluginterfaces/gui */,
				0FFB2DD31F5839B800B6A6E6 /* pluginterfaces/base */,
				0FFB2D931F58391C00B6A6E6 /* public.sdk/source/vst */,
				0FFB2D8C1F58390200B6A6E6 /* public.sdk/source/main */,
				0FFB2D851F5838A400B6A6E6 /* public.sdk/source/common */,
				0F37AEFC2025EC4600BA0553 /* base/thread/source */,
				0F37AEFD2025EC5100BA0553 /* base/thread/include */,
				0FFB2D3C1F58387A00B6A6E6 /* base/source */,
				4FA70847158B454300BFC572 /* common.xcconfig */,
				1AB674ADFE9D54B511CA2CBB /* Products */,
			);
			name = base;
			sourceTree = "<group>";
		};
		0F37AEFC2025EC4600BA0553 /* base/thread/source */ = {
			isa = PBXGroup;
			children = (
				0F37AEFE2025EC7700BA0553 /* fcondition.cpp */,
				0F37AEFF2025EC7700BA0553 /* flock.cpp */,
			);
			name = base/thread/source;
			sourceTree = "<group>";
		};
		0F37AEFD2025EC5100BA0553 /* base/thread/include */ = {
			isa = PBXGroup;
			children = (
				0F37AF042025EC8100BA0553 /* fcondition.h */,
				0F37AF052025EC8100BA0553 /* flock.h */,
			);
			name = base/thread/include;
			sourceTree = "<group>";
		};
		0FFB2D3C1F58387A00B6A6E6 /* base/source */ = {
			isa = PBXGroup;
			children = (
				0F37AEBB2025EC0800BA0553 /* baseiids.cpp */,
				0F37AEC92025EC0900BA0553 /* classfactoryhelpers.h */,
				0F37AEC82025EC0900BA0553 /* fbuffer.cpp */,
				0F37AEBC2025EC0800BA0553 /* fbuffer.h */,
				0F37AEC02025EC0800BA0553 /* fcleanup.h */,
				0F37AEC52025EC0800BA0553 /* fcommandline.h */,
				0F37AEC32025EC0800BA0553 /* fdebug.cpp */,
				0F37AEBA2025EC0800BA0553 /* fdebug.h */,
				0F37AEC62025EC0800BA0553 /* fdynlib.cpp */,
				0F37AEBF2025EC0800BA0553 /* fdynlib.h */,
				0F37AEBD2025EC0800BA0553 /* fobject.cpp */,
				0F37AECA2025EC0900BA0553 /* fobject.h */,
				0F37AEB92025EC0800BA0553 /* fstdmethods.h */,
				0F37AECC2025EC0900BA0553 /* fstreamer.cpp */,
				0F37AEBE2025EC0800BA0553 /* fstreamer.h */,
				0F37AEC12025EC0800BA0553 /* fstring.cpp */,
				0F37AEC72025EC0800BA0553 /* fstring.h */,
				0F37AECE2025EC0900BA0553 /* hexbinary.h */,
				0F37AEC42025EC0800BA0553 /* timer.cpp */,
				0F37AEC22025EC0800BA0553 /* timer.h */,
				0F37AECB2025EC0900BA0553 /* updatehandler.cpp */,
				0F37AECD2025EC0900BA0553 /* updatehandler.h */,
			);
			name = base/source;
			sourceTree = "<group>";
		};
		0FFB2D851F5838A400B6A6E6 /* public.sdk/source/common */ = {
			isa = PBXGroup;
			children = (
				0F37AFA52025ECE400BA0553 /* memorystream.cpp */,
				0F37AFA32025ECE400BA0553 /* memorystream.h */,
				0F37AFA62025ECE400BA0553 /* pluginview.cpp */,
				0F37AFA42025ECE400BA0553 /* pluginview.h */,
			);
			name = public.sdk/source/common;
			sourceTree = "<group>";
		};
		0FFB2D8C1F58390200B6A6E6 /* public.sdk/source/main */ = {
			isa = PBXGroup;
			children = (
				0F37AFAF2025ECF200BA0553 /* macmain.cpp */,
				0F37AFB12025ECF300BA0553 /* pluginfactoryvst3.cpp */,
				0F37AFB02025ECF300BA0553 /* pluginfactoryvst3.h */,
			);
			name = public.sdk/source/main;
			sourceTree = "<group>";
		};
		0FFB2D931F58391C00B6A6E6 /* public.sdk/source/vst */ = {
			isa = PBXGroup;
			children = (
				0F37AFC92025ED0700BA0553 /* vstaudioeffect.cpp */,
				0F37AFCE2025ED0800BA0553 /* vstaudioeffect.h */,
				0F37AFC42025ED0600BA0553 /* vstaudioprocessoralgo.h */,
				0F37AFB92025ED0500BA0553 /* vstbus.cpp */,
				0F37AFC82025ED0700BA0553 /* vstbus.h */,
				0F37AFC22025ED0600BA0553 /* vstbypassprocessor.cpp */,
				0F37AFCD2025ED0800BA0553 /* vstbypassprocessor.h */,
				0F37AFCC2025ED0800BA0553 /* vstcomponent.cpp */,
				0F37AFCA2025ED0700BA0553 /* vstcomponent.h */,
				0F37AFC12025ED0600BA0553 /* vstcomponentbase.cpp */,
				0F37AFBD2025ED0500BA0553 /* vstcomponentbase.h */,
				0F37AFC72025ED0700BA0553 /* vstinitiids.cpp */,
				0F37AFBA2025ED0500BA0553 /* vstnoteexpressiontypes.cpp */,
				0F37AFB82025ED0500BA0553 /* vstnoteexpressiontypes.h */,
				0F37AFC52025ED0600BA0553 /* vstparameters.cpp */,
				0F37AFCB2025ED0700BA0553 /* vstparameters.h */,
				0F37AFBB2025ED0500BA0553 /* vstpresetfile.cpp */,
				0F37AFC32025ED0600BA0553 /* vstpresetfile.h */,
				0F37AFC02025ED0600BA0553 /* vstrepresentation.cpp */,
				0F37AFBC2025ED0500BA0553 /* vstrepresentation.h */,
				0F37AFC62025ED0700BA0553 /* vstsinglecomponenteffect.cpp */,
				0F37AFBE2025ED0600BA0553 /* vstsinglecomponenteffect.h */,
				0F37AFBF2025ED0600BA0553 /* vstspeakerarray.h */,
			);
			name = public.sdk/source/vst;
			sourceTree = "<group>";
		};
		0FFB2DD31F5839B800B6A6E6 /* pluginterfaces/base */ = {
			isa = PBXGroup;
			children = (
				0F37AF142025EC9500BA0553 /* conststringtable.cpp */,
				0F37AF1D2025EC9600BA0553 /* conststringtable.h */,
				0F37AF0F2025EC9400BA0553 /* coreiids.cpp */,
				0F37AF1F2025EC9700BA0553 /* doc.h */,
				0F37AF0D2025EC9400BA0553 /* falignpop.h */,
				0F37AF162025EC9600BA0553 /* falignpush.h */,
				0F37AF1E2025EC9700BA0553 /* fplatform.h */,
				0F37AF192025EC9600BA0553 /* fstrdefs.h */,
				0F37AF1B2025EC9600BA0553 /* ftypes.h */,
				0F37AF152025EC9500BA0553 /* funknown.cpp */,
				0F37AF182025EC9600BA0553 /* funknown.h */,
				0F37AF0B2025EC9400BA0553 /* futils.h */,
				0F37AF242025EC9800BA0553 /* fvariant.h */,
				0F37AF172025EC9600BA0553 /* geoconstants.h */,
				0F37AF0E2025EC9400BA0553 /* ibstream.h */,
				0F37AF132025EC9500BA0553 /* icloneable.h */,
				0F37AF122025EC9500BA0553 /* ierrorcontext.h */,
				0F37AF1A2025EC9600BA0553 /* ipersistent.h */,
				0F37AF212025EC9700BA0553 /* ipluginbase.h */,
				0F37AF1C2025EC9600BA0553 /* istringresult.h */,
				0F37AF222025EC9700BA0553 /* iupdatehandler.h */,
				0F37AF232025EC9800BA0553 /* keycodes.h */,
				0F37AF202025EC9700BA0553 /* pluginbasefwd.h */,
				0F37AF0A2025EC9300BA0553 /* smartpointer.h */,
				0F37AF0C2025EC9400BA0553 /* ucolorspec.h */,
				0F37AF102025EC9400BA0553 /* ustring.cpp */,
				0F37AF112025EC9500BA0553 /* ustring.h */,
			);
			name = pluginterfaces/base;
			sourceTree = "<group>";
		};
		0FFB2E1F1F5839FA00B6A6E6 /* pluginterfaces/gui */ = {
			isa = PBXGroup;
			children = (
				0F37AF5B2025ECA500BA0553 /* iplugview.h */,
				0F37AF5C2025ECA500BA0553 /* iplugviewcontentscalesupport.h */,
			);
			name = pluginterfaces/gui;
			sourceTree = "<group>";
		};
		0FFB2E261F583A1900B6A6E6 /* pluginterfaces/vst */ = {
			isa = PBXGroup;
			children = (
				0F37AF682025ECB600BA0553 /* ivstattributes.h */,
				0F37AF752025ECB800BA0553 /* ivstaudioprocessor.h */,
				0F37AF762025ECB800BA0553 /* ivstautomationstate.h */,
				0F37AF6C2025ECB600BA0553 /* ivstchannelcontextinfo.h */,
				0F37AF612025ECB500BA0553 /* ivstcomponent.h */,
				0F37AF6D2025ECB700BA0553 /* ivstcontextmenu.h */,
				0F37AF672025ECB600BA0553 /* ivsteditcontroller.h */,
				0F37AF742025ECB700BA0553 /* ivstevents.h */,
				0F37AF6E2025ECB700BA0553 /* ivsthostapplication.h */,
				0F37AF662025ECB600BA0553 /* ivstinterappaudio.h */,
				0F37AF702025ECB700BA0553 /* ivstmessage.h */,
				0F37AF6B2025ECB600BA0553 /* ivstmidicontrollers.h */,
				0F37AF6F2025ECB700BA0553 /* ivstnoteexpression.h */,
				0F37AF692025ECB600BA0553 /* ivstparameterchanges.h */,
				0F37AF622025ECB500BA0553 /* ivstplugview.h */,
				0F37AF642025ECB600BA0553 /* ivstprefetchablesupport.h */,
				0F37AF632025ECB500BA0553 /* ivstprocesscontext.h */,
				0F37AF652025ECB600BA0553 /* ivstrepresentation.h */,
				0F37AF6A2025ECB600BA0553 /* ivstunits.h */,
				0F37AF722025ECB700BA0553 /* vstpresetkeys.h */,
				0F37AF732025ECB700BA0553 /* vstpshpack4.h */,
				0F37AF712025ECB700BA0553 /* vsttypes.h */,
			);
			name = pluginterfaces/vst;
			sourceTree = "<group>";
		};
		1AB674ADFE9D54B511CA2CBB /* Products */ = {
			isa = PBXGroup;
			children = (
				D2AAC046055464E500DB518D /* libbase.a */,
				4FA708BC158B47D200BFC572 /* libbase32.a */,
			);
			name = Products;
			sourceTree = "<group>";
		};
/* End PBXGroup section */

/* Begin PBXHeadersBuildPhase section */
		4FA7087D158B47D200BFC572 /* Headers */ = {
			isa = PBXHeadersBuildPhase;
			buildActionMask = 2147483647;
			files = (
				0F37AF602025ECA500BA0553 /* iplugviewcontentscalesupport.h in Headers */,
				0F37AF562025EC9800BA0553 /* iupdatehandler.h in Headers */,
				0F37AF502025EC9800BA0553 /* doc.h in Headers */,
				0F37AFB52025ECF300BA0553 /* pluginfactoryvst3.h in Headers */,
				0F37AF402025EC9800BA0553 /* geoconstants.h in Headers */,
				0F37AF342025EC9800BA0553 /* ustring.h in Headers */,
				0F37AFD82025ED0800BA0553 /* vstrepresentation.h in Headers */,
				0F37AEDE2025EC0900BA0553 /* fcleanup.h in Headers */,
				0F37AF962025ECB800BA0553 /* ivstmessage.h in Headers */,
				0F37AF5E2025ECA500BA0553 /* iplugview.h in Headers */,
				0F37AF7A2025ECB800BA0553 /* ivstplugview.h in Headers */,
				0F37AF282025EC9800BA0553 /* futils.h in Headers */,
				0F37AF882025ECB800BA0553 /* ivstparameterchanges.h in Headers */,
				0F37AF8E2025ECB800BA0553 /* ivstchannelcontextinfo.h in Headers */,
				0F37AEE82025EC0900BA0553 /* fcommandline.h in Headers */,
				0F37AF542025EC9800BA0553 /* ipluginbase.h in Headers */,
				0F37AF462025EC9800BA0553 /* ipersistent.h in Headers */,
				0F37AEF82025EC0900BA0553 /* updatehandler.h in Headers */,
				0F37AED62025EC0900BA0553 /* fbuffer.h in Headers */,
				0F37AF8C2025ECB800BA0553 /* ivstmidicontrollers.h in Headers */,
				0F37AF842025ECB800BA0553 /* ivsteditcontroller.h in Headers */,
				0F37AFD02025ED0800BA0553 /* vstnoteexpressiontypes.h in Headers */,
				0F37AF8A2025ECB800BA0553 /* ivstunits.h in Headers */,
				0F37AFE82025ED0800BA0553 /* vstaudioprocessoralgo.h in Headers */,
				0F37AED02025EC0900BA0553 /* fstdmethods.h in Headers */,
				0F37AEE22025EC0900BA0553 /* timer.h in Headers */,
				0F37AF582025EC9800BA0553 /* keycodes.h in Headers */,
				0F37AF9A2025ECB800BA0553 /* vstpresetkeys.h in Headers */,
				0F37AF4A2025EC9800BA0553 /* istringresult.h in Headers */,
				0F37AFE62025ED0800BA0553 /* vstpresetfile.h in Headers */,
				0F37AFF62025ED0800BA0553 /* vstparameters.h in Headers */,
				0F37AF482025EC9800BA0553 /* ftypes.h in Headers */,
				0F37AF942025ECB800BA0553 /* ivstnoteexpression.h in Headers */,
				0F37AFFA2025ED0800BA0553 /* vstbypassprocessor.h in Headers */,
				0F37AFA22025ECB800BA0553 /* ivstautomationstate.h in Headers */,
				0F37AF4E2025EC9800BA0553 /* fplatform.h in Headers */,
				0F37AFDE2025ED0800BA0553 /* vstspeakerarray.h in Headers */,
				0F37AF2A2025EC9800BA0553 /* ucolorspec.h in Headers */,
				0F37AF9E2025ECB800BA0553 /* ivstevents.h in Headers */,
				0F37AF382025EC9800BA0553 /* icloneable.h in Headers */,
				0F37AFA02025ECB800BA0553 /* ivstaudioprocessor.h in Headers */,
				0F37AF922025ECB800BA0553 /* ivsthostapplication.h in Headers */,
				0F37AFF02025ED0800BA0553 /* vstbus.h in Headers */,
				0F37AF802025ECB800BA0553 /* ivstrepresentation.h in Headers */,
				0F37AFDC2025ED0800BA0553 /* vstsinglecomponenteffect.h in Headers */,
				0F37AEEC2025EC0900BA0553 /* fstring.h in Headers */,
				0F37AEDC2025EC0900BA0553 /* fdynlib.h in Headers */,
				0F37AF2C2025EC9800BA0553 /* falignpop.h in Headers */,
				0F37AF982025ECB800BA0553 /* vsttypes.h in Headers */,
				0F37AF822025ECB800BA0553 /* ivstinterappaudio.h in Headers */,
				0F37AFDA2025ED0800BA0553 /* vstcomponentbase.h in Headers */,
				0F37AF422025EC9800BA0553 /* funknown.h in Headers */,
				0F37AFF42025ED0800BA0553 /* vstcomponent.h in Headers */,
				0F37AEFA2025EC0900BA0553 /* hexbinary.h in Headers */,
				0F37AF7E2025ECB800BA0553 /* ivstprefetchablesupport.h in Headers */,
				0F37AF092025EC8100BA0553 /* flock.h in Headers */,
				0F37AFAA2025ECE500BA0553 /* pluginview.h in Headers */,
				0F37AF072025EC8100BA0553 /* fcondition.h in Headers */,
				0F37AEDA2025EC0900BA0553 /* fstreamer.h in Headers */,
				0F37AF522025EC9800BA0553 /* pluginbasefwd.h in Headers */,
				0F37AF862025ECB800BA0553 /* ivstattributes.h in Headers */,
				0F37AF2E2025EC9800BA0553 /* ibstream.h in Headers */,
				0F37AF782025ECB800BA0553 /* ivstcomponent.h in Headers */,
				0F37AF7C2025ECB800BA0553 /* ivstprocesscontext.h in Headers */,
				0F37AF9C2025ECB800BA0553 /* vstpshpack4.h in Headers */,
				0F37AFA82025ECE500BA0553 /* memorystream.h in Headers */,
				0F37AF5A2025EC9800BA0553 /* fvariant.h in Headers */,
				0F37AF442025EC9800BA0553 /* fstrdefs.h in Headers */,
				0F37AF362025EC9800BA0553 /* ierrorcontext.h in Headers */,
				0F37AF3E2025EC9800BA0553 /* falignpush.h in Headers */,
				0F37AF262025EC9800BA0553 /* smartpointer.h in Headers */,
				0F37AF4C2025EC9800BA0553 /* conststringtable.h in Headers */,
				0F37AEF02025EC0900BA0553 /* classfactoryhelpers.h in Headers */,
				0F37AF902025ECB800BA0553 /* ivstcontextmenu.h in Headers */,
				0F37AED22025EC0900BA0553 /* fdebug.h in Headers */,
				0F37AEF22025EC0900BA0553 /* fobject.h in Headers */,
				0F37AFFC2025ED0800BA0553 /* vstaudioeffect.h in Headers */,
			);
			runOnlyForDeploymentPostprocessing = 0;
		};
		D2AAC043055464E500DB518D /* Headers */ = {
			isa = PBXHeadersBuildPhase;
			buildActionMask = 2147483647;
			files = (
				0F37AF5F2025ECA500BA0553 /* iplugviewcontentscalesupport.h in Headers */,
				0F37AF552025EC9800BA0553 /* iupdatehandler.h in Headers */,
				0F37AF4F2025EC9800BA0553 /* doc.h in Headers */,
				0F37AFB42025ECF300BA0553 /* pluginfactoryvst3.h in Headers */,
				0F37AF3F2025EC9800BA0553 /* geoconstants.h in Headers */,
				0F37AF332025EC9800BA0553 /* ustring.h in Headers */,
				0F37AFD72025ED0800BA0553 /* vstrepresentation.h in Headers */,
				0F37AEDD2025EC0900BA0553 /* fcleanup.h in Headers */,
				0F37AF952025ECB800BA0553 /* ivstmessage.h in Headers */,
				0F37AF5D2025ECA500BA0553 /* iplugview.h in Headers */,
				0F37AF792025ECB800BA0553 /* ivstplugview.h in Headers */,
				0F37AF272025EC9800BA0553 /* futils.h in Headers */,
				0F37AF872025ECB800BA0553 /* ivstparameterchanges.h in Headers */,
				0F37AF8D2025ECB800BA0553 /* ivstchannelcontextinfo.h in Headers */,
				0F37AEE72025EC0900BA0553 /* fcommandline.h in Headers */,
				0F37AF532025EC9800BA0553 /* ipluginbase.h in Headers */,
				0F37AF452025EC9800BA0553 /* ipersistent.h in Headers */,
				0F37AEF72025EC0900BA0553 /* updatehandler.h in Headers */,
				0F37AED52025EC0900BA0553 /* fbuffer.h in Headers */,
				0F37AF8B2025ECB800BA0553 /* ivstmidicontrollers.h in Headers */,
				0F37AF832025ECB800BA0553 /* ivsteditcontroller.h in Headers */,
				0F37AFCF2025ED0800BA0553 /* vstnoteexpressiontypes.h in Headers */,
				0F37AF892025ECB800BA0553 /* ivstunits.h in Headers */,
				0F37AFE72025ED0800BA0553 /* vstaudioprocessoralgo.h in Headers */,
				0F37AECF2025EC0900BA0553 /* fstdmethods.h in Headers */,
				0F37AEE12025EC0900BA0553 /* timer.h in Headers */,
				0F37AF572025EC9800BA0553 /* keycodes.h in Headers */,
				0F37AF992025ECB800BA0553 /* vstpresetkeys.h in Headers */,
				0F37AF492025EC9800BA0553 /* istringresult.h in Headers */,
				0F37AFE52025ED0800BA0553 /* vstpresetfile.h in Headers */,
				0F37AFF52025ED0800BA0553 /* vstparameters.h in Headers */,
				0F37AF472025EC9800BA0553 /* ftypes.h in Headers */,
				0F37AF932025ECB800BA0553 /* ivstnoteexpression.h in Headers */,
				0F37AFF92025ED0800BA0553 /* vstbypassprocessor.h in Headers */,
				0F37AFA12025ECB800BA0553 /* ivstautomationstate.h in Headers */,
				0F37AF4D2025EC9800BA0553 /* fplatform.h in Headers */,
				0F37AFDD2025ED0800BA0553 /* vstspeakerarray.h in Headers */,
				0F37AF292025EC9800BA0553 /* ucolorspec.h in Headers */,
				0F37AF9D2025ECB800BA0553 /* ivstevents.h in Headers */,
				0F37AF372025EC9800BA0553 /* icloneable.h in Headers */,
				0F37AF9F2025ECB800BA0553 /* ivstaudioprocessor.h in Headers */,
				0F37AF912025ECB800BA0553 /* ivsthostapplication.h in Headers */,
				0F37AFEF2025ED0800BA0553 /* vstbus.h in Headers */,
				0F37AF7F2025ECB800BA0553 /* ivstrepresentation.h in Headers */,
				0F37AFDB2025ED0800BA0553 /* vstsinglecomponenteffect.h in Headers */,
				0F37AEEB2025EC0900BA0553 /* fstring.h in Headers */,
				0F37AEDB2025EC0900BA0553 /* fdynlib.h in Headers */,
				0F37AF2B2025EC9800BA0553 /* falignpop.h in Headers */,
				0F37AF972025ECB800BA0553 /* vsttypes.h in Headers */,
				0F37AF812025ECB800BA0553 /* ivstinterappaudio.h in Headers */,
				0F37AFD92025ED0800BA0553 /* vstcomponentbase.h in Headers */,
				0F37AF412025EC9800BA0553 /* funknown.h in Headers */,
				0F37AFF32025ED0800BA0553 /* vstcomponent.h in Headers */,
				0F37AEF92025EC0900BA0553 /* hexbinary.h in Headers */,
				0F37AF7D2025ECB800BA0553 /* ivstprefetchablesupport.h in Headers */,
				0F37AF082025EC8100BA0553 /* flock.h in Headers */,
				0F37AFA92025ECE500BA0553 /* pluginview.h in Headers */,
				0F37AF062025EC8100BA0553 /* fcondition.h in Headers */,
				0F37AED92025EC0900BA0553 /* fstreamer.h in Headers */,
				0F37AF512025EC9800BA0553 /* pluginbasefwd.h in Headers */,
				0F37AF852025ECB800BA0553 /* ivstattributes.h in Headers */,
				0F37AF2D2025EC9800BA0553 /* ibstream.h in Headers */,
				0F37AF772025ECB800BA0553 /* ivstcomponent.h in Headers */,
				0F37AF7B2025ECB800BA0553 /* ivstprocesscontext.h in Headers */,
				0F37AF9B2025ECB800BA0553 /* vstpshpack4.h in Headers */,
				0F37AFA72025ECE500BA0553 /* memorystream.h in Headers */,
				0F37AF592025EC9800BA0553 /* fvariant.h in Headers */,
				0F37AF432025EC9800BA0553 /* fstrdefs.h in Headers */,
				0F37AF352025EC9800BA0553 /* ierrorcontext.h in Headers */,
				0F37AF3D2025EC9800BA0553 /* falignpush.h in Headers */,
				0F37AF252025EC9800BA0553 /* smartpointer.h in Headers */,
				0F37AF4B2025EC9800BA0553 /* conststringtable.h in Headers */,
				0F37AEEF2025EC0900BA0553 /* classfactoryhelpers.h in Headers */,
				0F37AF8F2025ECB800BA0553 /* ivstcontextmenu.h in Headers */,
				0F37AED12025EC0900BA0553 /* fdebug.h in Headers */,
				0F37AEF12025EC0900BA0553 /* fobject.h in Headers */,
				0F37AFFB2025ED0800BA0553 /* vstaudioeffect.h in Headers */,
			);
			runOnlyForDeploymentPostprocessing = 0;
		};
/* End PBXHeadersBuildPhase section */

/* Begin PBXNativeTarget section */
		4FA7087C158B47D200BFC572 /* base_32_intel */ = {
			isa = PBXNativeTarget;
			buildConfigurationList = 4FA708B9158B47D200BFC572 /* Build configuration list for PBXNativeTarget "base_32_intel" */;
			buildPhases = (
				4FA7087D158B47D200BFC572 /* Headers */,
				4FA708A3158B47D200BFC572 /* Sources */,
				4FA708B8158B47D200BFC572 /* Frameworks */,
			);
			buildRules = (
			);
			dependencies = (
			);
			name = base_32_intel;
			productName = base;
			productReference = 4FA708BC158B47D200BFC572 /* libbase32.a */;
			productType = "com.apple.product-type.library.static";
		};
		D2AAC045055464E500DB518D /* base_32&64_intel */ = {
			isa = PBXNativeTarget;
			buildConfigurationList = 1DEB91EB08733DB70010E9CD /* Build configuration list for PBXNativeTarget "base_32&64_intel" */;
			buildPhases = (
				D2AAC043055464E500DB518D /* Headers */,
				D2AAC044055464E500DB518D /* Sources */,
				D289987405E68DCB004EDB86 /* Frameworks */,
			);
			buildRules = (
			);
			dependencies = (
			);
			name = "base_32&64_intel";
			productName = base;
			productReference = D2AAC046055464E500DB518D /* libbase.a */;
			productType = "com.apple.product-type.library.static";
		};
/* End PBXNativeTarget section */

/* Begin PBXProject section */
		08FB7793FE84155DC02AAC07 /* Project object */ = {
			isa = PBXProject;
			attributes = {
				BuildIndependentTargetsInParallel = NO;
				LastUpgradeCheck = 9999;
				ORGANIZATIONNAME = Steinberg;
			};
			buildConfigurationList = 1DEB91EF08733DB70010E9CD /* Build configuration list for PBXProject "base" */;
			compatibilityVersion = "Xcode 3.2";
			developmentRegion = English;
			hasScannedForEncodings = 1;
			knownRegions = (
				English,
				Japanese,
				French,
				German,
			);
			mainGroup = 08FB7794FE84155DC02AAC07 /* base */;
			projectDirPath = "";
			projectRoot = "";
			targets = (
				D2AAC045055464E500DB518D /* base_32&64_intel */,
				4FA7087C158B47D200BFC572 /* base_32_intel */,
			);
		};
/* End PBXProject section */

/* Begin PBXSourcesBuildPhase section */
		4FA708A3158B47D200BFC572 /* Sources */ = {
			isa = PBXSourcesBuildPhase;
			buildActionMask = 2147483647;
			files = (
				0F37AFE22025ED0800BA0553 /* vstcomponentbase.cpp in Sources */,
				0F37AEE42025EC0900BA0553 /* fdebug.cpp in Sources */,
				0F37AFEE2025ED0800BA0553 /* vstinitiids.cpp in Sources */,
				0F37AF3C2025EC9800BA0553 /* funknown.cpp in Sources */,
				0F37AFE42025ED0800BA0553 /* vstbypassprocessor.cpp in Sources */,
				0F37AFF82025ED0800BA0553 /* vstcomponent.cpp in Sources */,
				0F37AEE62025EC0900BA0553 /* timer.cpp in Sources */,
				0F37AF012025EC7800BA0553 /* fcondition.cpp in Sources */,
				0F37AFEC2025ED0800BA0553 /* vstsinglecomponenteffect.cpp in Sources */,
				0F37AFB72025ECF300BA0553 /* pluginfactoryvst3.cpp in Sources */,
				0F37AEEE2025EC0900BA0553 /* fbuffer.cpp in Sources */,
				0F37AFF22025ED0800BA0553 /* vstaudioeffect.cpp in Sources */,
				0F37AF322025EC9800BA0553 /* ustring.cpp in Sources */,
				0F37AFB32025ECF300BA0553 /* macmain.cpp in Sources */,
				0F37AFAE2025ECE500BA0553 /* pluginview.cpp in Sources */,
				0F37AFAC2025ECE500BA0553 /* memorystream.cpp in Sources */,
				0F37AEF42025EC0900BA0553 /* updatehandler.cpp in Sources */,
				0F37AF032025EC7800BA0553 /* flock.cpp in Sources */,
				0F37AED42025EC0900BA0553 /* baseiids.cpp in Sources */,
				0F37AEF62025EC0900BA0553 /* fstreamer.cpp in Sources */,
				0F37AFD62025ED0800BA0553 /* vstpresetfile.cpp in Sources */,
				0F37AED82025EC0900BA0553 /* fobject.cpp in Sources */,
				0F37AEEA2025EC0900BA0553 /* fdynlib.cpp in Sources */,
				0F37AEE02025EC0900BA0553 /* fstring.cpp in Sources */,
				0F37AF302025EC9800BA0553 /* coreiids.cpp in Sources */,
				0F37AFD22025ED0800BA0553 /* vstbus.cpp in Sources */,
				0F37AF3A2025EC9800BA0553 /* conststringtable.cpp in Sources */,
				0F37AFE02025ED0800BA0553 /* vstrepresentation.cpp in Sources */,
				0F37AFD42025ED0800BA0553 /* vstnoteexpressiontypes.cpp in Sources */,
				0F37AFEA2025ED0800BA0553 /* vstparameters.cpp in Sources */,
			);
			runOnlyForDeploymentPostprocessing = 0;
		};
		D2AAC044055464E500DB518D /* Sources */ = {
			isa = PBXSourcesBuildPhase;
			buildActionMask = 2147483647;
			files = (
				0F37AFE12025ED0800BA0553 /* vstcomponentbase.cpp in Sources */,
				0F37AEE32025EC0900BA0553 /* fdebug.cpp in Sources */,
				0F37AFED2025ED0800BA0553 /* vstinitiids.cpp in Sources */,
				0F37AF3B2025EC9800BA0553 /* funknown.cpp in Sources */,
				0F37AFE32025ED0800BA0553 /* vstbypassprocessor.cpp in Sources */,
				0F37AFF72025ED0800BA0553 /* vstcomponent.cpp in Sources */,
				0F37AEE52025EC0900BA0553 /* timer.cpp in Sources */,
				0F37AF002025EC7800BA0553 /* fcondition.cpp in Sources */,
				0F37AFEB2025ED0800BA0553 /* vstsinglecomponenteffect.cpp in Sources */,
				0F37AFB62025ECF300BA0553 /* pluginfactoryvst3.cpp in Sources */,
				0F37AEED2025EC0900BA0553 /* fbuffer.cpp in Sources */,
				0F37AFF12025ED0800BA0553 /* vstaudioeffect.cpp in Sources */,
				0F37AF312025EC9800BA0553 /* ustring.cpp in Sources */,
				0F37AFB22025ECF300BA0553 /* macmain.cpp in Sources */,
				0F37AFAD2025ECE500BA0553 /* pluginview.cpp in Sources */,
				0F37AFAB2025ECE500BA0553 /* memorystream.cpp in Sources */,
				0F37AEF32025EC0900BA0553 /* updatehandler.cpp in Sources */,
				0F37AF022025EC7800BA0553 /* flock.cpp in Sources */,
				0F37AED32025EC0900BA0553 /* baseiids.cpp in Sources */,
				0F37AEF52025EC0900BA0553 /* fstreamer.cpp in Sources */,
				0F37AFD52025ED0800BA0553 /* vstpresetfile.cpp in Sources */,
				0F37AED72025EC0900BA0553 /* fobject.cpp in Sources */,
				0F37AEE92025EC0900BA0553 /* fdynlib.cpp in Sources */,
				0F37AEDF2025EC0900BA0553 /* fstring.cpp in Sources */,
				0F37AF2F2025EC9800BA0553 /* coreiids.cpp in Sources */,
				0F37AFD12025ED0800BA0553 /* vstbus.cpp in Sources */,
				0F37AF392025EC9800BA0553 /* conststringtable.cpp in Sources */,
				0F37AFDF2025ED0800BA0553 /* vstrepresentation.cpp in Sources */,
				0F37AFD32025ED0800BA0553 /* vstnoteexpressiontypes.cpp in Sources */,
				0F37AFE92025ED0800BA0553 /* vstparameters.cpp in Sources */,
			);
			runOnlyForDeploymentPostprocessing = 0;
		};
/* End PBXSourcesBuildPhase section */

/* Begin XCBuildConfiguration section */
		1DEB91EC08733DB70010E9CD /* Debug */ = {
			isa = XCBuildConfiguration;
			baseConfigurationReference = 4FA70847158B454300BFC572 /* common.xcconfig */;
			buildSettings = {
			};
			name = Debug;
		};
		1DEB91ED08733DB70010E9CD /* Release */ = {
			isa = XCBuildConfiguration;
			baseConfigurationReference = 4FA70847158B454300BFC572 /* common.xcconfig */;
			buildSettings = {
				DEPLOYMENT_POSTPROCESSING = NO;
			};
			name = Release;
		};
		1DEB91F008733DB70010E9CD /* Debug */ = {
			isa = XCBuildConfiguration;
			baseConfigurationReference = 4FA70847158B454300BFC572 /* common.xcconfig */;
			buildSettings = {
				ARCHS = "$(ARCHS_STANDARD_32_64_BIT)";
				GCC_ENABLE_SUPPLEMENTAL_SSE3_INSTRUCTIONS = YES;
				GCC_INLINES_ARE_PRIVATE_EXTERN = YES;
				GCC_MODEL_TUNING = G5;
				GCC_PREPROCESSOR_DEFINITIONS = (
					_DEBUG,
					"DEVELOPMENT=1",
				);
				GCC_SYMBOLS_PRIVATE_EXTERN = NO;
				GCC_VERSION = "$(COMPILER)";
				GENERATE_PKGINFO_FILE = YES;
				HEADER_SEARCH_PATHS = ../../;
				MACOSX_DEPLOYMENT_TARGET = "$(DEPLOYMENT_TARGET)";
				PRODUCT_NAME = base;
				SDKROOT = "$(BASE_SDK)";
			};
			name = Debug;
		};
		1DEB91F108733DB70010E9CD /* Release */ = {
			isa = XCBuildConfiguration;
			baseConfigurationReference = 4FA70847158B454300BFC572 /* common.xcconfig */;
			buildSettings = {
				ARCHS = "$(ARCHS_STANDARD_32_64_BIT)";
				GCC_ENABLE_SUPPLEMENTAL_SSE3_INSTRUCTIONS = YES;
				GCC_GENERATE_DEBUGGING_SYMBOLS = NO;
				GCC_INLINES_ARE_PRIVATE_EXTERN = YES;
				GCC_MODEL_TUNING = G5;
				GCC_PREPROCESSOR_DEFINITIONS = (
					NDEBUG,
					"RELEASE=1",
				);
				GCC_SYMBOLS_PRIVATE_EXTERN = YES;
				GCC_VERSION = "$(COMPILER)";
				GENERATE_PKGINFO_FILE = YES;
				HEADER_SEARCH_PATHS = ../../;
				MACOSX_DEPLOYMENT_TARGET = "$(DEPLOYMENT_TARGET)";
				PRODUCT_NAME = base;
				SDKROOT = "$(BASE_SDK)";
			};
			name = Release;
		};
		4FA708BA158B47D200BFC572 /* Debug */ = {
			isa = XCBuildConfiguration;
			baseConfigurationReference = 4FA70847158B454300BFC572 /* common.xcconfig */;
			buildSettings = {
				ARCHS = "$(ARCHS_STANDARD_32_BIT)";
				PRODUCT_NAME = base32;
			};
			name = Debug;
		};
		4FA708BB158B47D200BFC572 /* Release */ = {
			isa = XCBuildConfiguration;
			baseConfigurationReference = 4FA70847158B454300BFC572 /* common.xcconfig */;
			buildSettings = {
				ARCHS = "$(ARCHS_STANDARD_32_BIT)";
				DEPLOYMENT_POSTPROCESSING = NO;
				PRODUCT_NAME = base32;
			};
			name = Release;
		};
/* End XCBuildConfiguration section */

/* Begin XCConfigurationList section */
		1DEB91EB08733DB70010E9CD /* Build configuration list for PBXNativeTarget "base_32&64_intel" */ = {
			isa = XCConfigurationList;
			buildConfigurations = (
				1DEB91EC08733DB70010E9CD /* Debug */,
				1DEB91ED08733DB70010E9CD /* Release */,
			);
			defaultConfigurationIsVisible = 0;
			defaultConfigurationName = Release;
		};
		1DEB91EF08733DB70010E9CD /* Build configuration list for PBXProject "base" */ = {
			isa = XCConfigurationList;
			buildConfigurations = (
				1DEB91F008733DB70010E9CD /* Debug */,
				1DEB91F108733DB70010E9CD /* Release */,
			);
			defaultConfigurationIsVisible = 0;
			defaultConfigurationName = Release;
		};
		4FA708B9158B47D200BFC572 /* Build configuration list for PBXNativeTarget "base_32_intel" */ = {
			isa = XCConfigurationList;
			buildConfigurations = (
				4FA708BA158B47D200BFC572 /* Debug */,
				4FA708BB158B47D200BFC572 /* Release */,
			);
			defaultConfigurationIsVisible = 0;
			defaultConfigurationName = Release;
		};
/* End XCConfigurationList section */
	};
	rootObject = 08FB7793FE84155DC02AAC07 /* Project object */;
}
